// !$*UTF8*$!
{
	archiveVersion = 1;
	classes = {
	};
	objectVersion = 77;
	objects = {

/* Begin PBXBuildFile section */
		001E4CBDE943ECF01C255CE1 /* FreeScanCounter.swift in Sources */ = {isa = PBXBuildFile; fileRef = 1B3E6429C5661C07C39C252D /* FreeScanCounter.swift */; };
		005AEC57DF0EBAD932CFA338 /* VisionResponse.swift in Sources */ = {isa = PBXBuildFile; fileRef = DC57EDF03FB81945A9D5032D /* VisionResponse.swift */; };
		00F7878C70C308E89AE723C8 /* PortionRecalculationTests.swift in Sources */ = {isa = PBXBuildFile; fileRef = 07EAC6401ADBAB3BC97E85DA /* PortionRecalculationTests.swift */; };
		02A997C493742DB259429542 /* InstallationIdentityTests.swift in Sources */ = {isa = PBXBuildFile; fileRef = A636A3CB150DE35B6ED56F2F /* InstallationIdentityTests.swift */; };
		06C28A8B18B90AAD10C0CC8E /* HealthKitWeightTrendBuilderTests.swift in Sources */ = {isa = PBXBuildFile; fileRef = 325D227BABC6B12C152A5DEE /* HealthKitWeightTrendBuilderTests.swift */; };
		0AE34414AD49CABC00BE4941 /* AIProxyRequestTests.swift in Sources */ = {isa = PBXBuildFile; fileRef = D46128715FADCC279B5056F0 /* AIProxyRequestTests.swift */; };
		0C690FDC2D1B097432BA4170 /* WidgetDataStore+MainApp.swift in Sources */ = {isa = PBXBuildFile; fileRef = 91025AD78F8264670567B82B /* WidgetDataStore+MainApp.swift */; };
		0D0A919939F5373A1BFBD533 /* Assets.xcassets in Resources */ = {isa = PBXBuildFile; fileRef = 3ED97A6754E6A9CAF2E2A0B6 /* Assets.xcassets */; };
		0DF1DE50CFA8F9D1A7A60401 /* WidgetDataStore.swift in Sources */ = {isa = PBXBuildFile; fileRef = E80C942567606EED9541078F /* WidgetDataStore.swift */; };
		12B28864F0B6BC2886CE3BF5 /* Pow in Frameworks */ = {isa = PBXBuildFile; productRef = 3F79EB464C595D152F23850B /* Pow */; };
		14CA6792581DF91D6FA97021 /* UserProfile.swift in Sources */ = {isa = PBXBuildFile; fileRef = 602E4499D02012A4D35591E3 /* UserProfile.swift */; };
		177B3D6E63C7D683C0513E3E /* Provider.swift in Sources */ = {isa = PBXBuildFile; fileRef = 82E9949AD89E64DDD17B5510 /* Provider.swift */; };
		1824DAA37770D49E1BB94EBD /* SevenDaySummaryView.swift in Sources */ = {isa = PBXBuildFile; fileRef = 7686DB3C16E23422A50BFE60 /* SevenDaySummaryView.swift */; };
		1C62793DD0934BEA51D0D723 /* LoggedItem.swift in Sources */ = {isa = PBXBuildFile; fileRef = 0110C615AE66FDDD46F02FCC /* LoggedItem.swift */; };
		1D253F8EAEAC95E1B55E6774 /* InfoPlist.strings in Resources */ = {isa = PBXBuildFile; fileRef = 20FC66520FD08AAC6130C1C7 /* InfoPlist.strings */; };
		1D6E3ADE91B10E3ACCB54896 /* CameraView.swift in Sources */ = {isa = PBXBuildFile; fileRef = B20149F8A31AF9E9F7028B92 /* CameraView.swift */; };
		1DA7406FC6EE2B0CE2A8AA5A /* CalorieRingViewTests.swift in Sources */ = {isa = PBXBuildFile; fileRef = B522912C9EA685296F5E8347 /* CalorieRingViewTests.swift */; };
		1DEE5EB1457306C440181C89 /* turkish_food_reference.json in Resources */ = {isa = PBXBuildFile; fileRef = 77B7233EFB24FF4164AD5868 /* turkish_food_reference.json */; };
		1F705EDD3ECDF475F28D6FDD /* ScanEntry.swift in Sources */ = {isa = PBXBuildFile; fileRef = 3D3752E2751EACCCB9B2889E /* ScanEntry.swift */; };
		2118432E37E742A0347AD94B /* InstallationIdentity.swift in Sources */ = {isa = PBXBuildFile; fileRef = FA4E404F4BEC781D825D123B /* InstallationIdentity.swift */; };
		24D50AB1E07D5D761DD1EEA6 /* CalorisorWidgetExtension.appex in Embed Foundation Extensions */ = {isa = PBXBuildFile; fileRef = FE65ADFCEFBC7F7AF31AC656 /* CalorisorWidgetExtension.appex */; settings = {ATTRIBUTES = (RemoveHeadersOnCopy, ); }; };
		300A471CCE30341789425016 /* WidgetDailySummary.swift in Sources */ = {isa = PBXBuildFile; fileRef = 3F4A4C89E18477D4B5D39880 /* WidgetDailySummary.swift */; };
		3251EC2BEC5E2989709A75FC /* Localizable.xcstrings in Resources */ = {isa = PBXBuildFile; fileRef = 38F4F0E19596BB906ECD9F56 /* Localizable.xcstrings */; };
		359E691C7CA3CC411A975B81 /* TextLogInputPolicyTests.swift in Sources */ = {isa = PBXBuildFile; fileRef = FAC65F6700B972665F5B7D54 /* TextLogInputPolicyTests.swift */; };
		3828C395523EB59D6136A686 /* FreeScanCounterTests.swift in Sources */ = {isa = PBXBuildFile; fileRef = A476FF2A8C46A9EE66351659 /* FreeScanCounterTests.swift */; };
		398182663FD229E903BAF4B4 /* CategorySlugMap.swift in Sources */ = {isa = PBXBuildFile; fileRef = 9737DCD2C18AED8AA8734377 /* CategorySlugMap.swift */; };
		3B4DD2A1BE2022E375437DCB /* ReconcilerNegativeTests.swift in Sources */ = {isa = PBXBuildFile; fileRef = D1EEBDC748C516E5E2D03CD6 /* ReconcilerNegativeTests.swift */; };
		3BF881297BFE3620993A285C /* Font+Tokens.swift in Sources */ = {isa = PBXBuildFile; fileRef = E1B0E3CB58E7F31FCACEF3EC /* Font+Tokens.swift */; };
		41D23A0B1C8E770C4CC8E8AF /* RawAIResponseTests.swift in Sources */ = {isa = PBXBuildFile; fileRef = D7EBB288F8C3D465AC687F4A /* RawAIResponseTests.swift */; };
		41ED153DDB20D420A0C8441E /* WidgetEntryView.swift in Sources */ = {isa = PBXBuildFile; fileRef = 826D575097B870F6EDAB44B1 /* WidgetEntryView.swift */; };
		4AEA5074972A6D1D7F0B0A3D /* CalorisorIcon.swift in Sources */ = {isa = PBXBuildFile; fileRef = 3EF22DBF9E4C913D48D4C3D0 /* CalorisorIcon.swift */; };
		4BB5A8BA29EA0529627E22E3 /* AnalysisOverlay.swift in Sources */ = {isa = PBXBuildFile; fileRef = FBBA5506EB73D98116695157 /* AnalysisOverlay.swift */; };
		4C79FADDCDC635AF917F52D4 /* NutritionConstants.swift in Sources */ = {isa = PBXBuildFile; fileRef = 8C50C6727093AE135F03C322 /* NutritionConstants.swift */; };
		4D1DE254B3AEFA6732BA5ABD /* BreadReferenceTests.swift in Sources */ = {isa = PBXBuildFile; fileRef = 2157D9A7A839F485EEA3358C /* BreadReferenceTests.swift */; };
		4E25FCA13BCD07103DA2B98C /* OnboardingModel.swift in Sources */ = {isa = PBXBuildFile; fileRef = 1922CF71533FE5215C56F284 /* OnboardingModel.swift */; };
		50F29D91FAE99A9C0FCBEC30 /* InfoPlist.strings in Resources */ = {isa = PBXBuildFile; fileRef = 7B178695AC984F294A40936D /* InfoPlist.strings */; };
		527B35211556C8B3758BA9CE /* AIProxyClientErrorTests.swift in Sources */ = {isa = PBXBuildFile; fileRef = 9C0AC9AF91597737B5CC557F /* AIProxyClientErrorTests.swift */; };
		52C01FAD0ECE4A05074BE077 /* CalorieRingView.swift in Sources */ = {isa = PBXBuildFile; fileRef = 112F0D96491EA7648615CA66 /* CalorieRingView.swift */; };
		56330AC7CE5A3ACEFBBBA01F /* AppLanguage.swift in Sources */ = {isa = PBXBuildFile; fileRef = 7728E02F48116D511BFC3748 /* AppLanguage.swift */; };
		5888B5DC3D758F17573F97B2 /* FoodReference.swift in Sources */ = {isa = PBXBuildFile; fileRef = BDBE73D2FB9E4D370662A725 /* FoodReference.swift */; };
		59DCC85027D6598642556A84 /* DataExporter.swift in Sources */ = {isa = PBXBuildFile; fileRef = BFB9D35D2E52869E8341C204 /* DataExporter.swift */; };
		5CDF4A949CD644AEFECBB9A9 /* Assets.xcassets in Resources */ = {isa = PBXBuildFile; fileRef = 3ED97A6754E6A9CAF2E2A0B6 /* Assets.xcassets */; };
		5CEE957BD67722D42E898FC5 /* MealSpeechRecognizerTests.swift in Sources */ = {isa = PBXBuildFile; fileRef = B05F4BC72923466DB41A66CE /* MealSpeechRecognizerTests.swift */; };
		620D62438F3FCFE58CA0D1BF /* Geist-Regular.otf in Resources */ = {isa = PBXBuildFile; fileRef = 5BFA3F950169F0C2E7AAA171 /* Geist-Regular.otf */; };
		64B7DFBD3FF8B6125B4679A5 /* VisionResponseValidator.swift in Sources */ = {isa = PBXBuildFile; fileRef = D9F5BC08B312274A62F31B20 /* VisionResponseValidator.swift */; };
		6562A41FE5DEC894423EFD6A /* WidgetDailySummaryTests.swift in Sources */ = {isa = PBXBuildFile; fileRef = C43E5A75CE80FE0EFCF4485E /* WidgetDailySummaryTests.swift */; };
		6C0C3A7640E71F3A963DA534 /* CalorisorLottieView.swift in Sources */ = {isa = PBXBuildFile; fileRef = C9D3D028925CDAD621B60DA1 /* CalorisorLottieView.swift */; };
		6D450F4F725E9162DC57CC61 /* String+TurkishNormalize.swift in Sources */ = {isa = PBXBuildFile; fileRef = 611D2668C0DEBF5107D09983 /* String+TurkishNormalize.swift */; };
		705A23177B0A105A0D38245E /* CalorisorApp.swift in Sources */ = {isa = PBXBuildFile; fileRef = 17C2D3FCC4BC573EC91E67BF /* CalorisorApp.swift */; };
		7074C3F697E8D480D5021ACA /* HistoryView.swift in Sources */ = {isa = PBXBuildFile; fileRef = 5DC2C5A6F9CCDF3EA91658E0 /* HistoryView.swift */; };
		71A6A2DB0E5D3356F809EC27 /* CalorisorModelContainer.swift in Sources */ = {isa = PBXBuildFile; fileRef = FB73CDD81D295F767724EED6 /* CalorisorModelContainer.swift */; };
		74F2E287AE03E6433758485C /* ResultView.swift in Sources */ = {isa = PBXBuildFile; fileRef = ABBDEC1F5CE5E1A260FD3901 /* ResultView.swift */; };
		75047AF23A3D85DE0BA82719 /* NutritionCalculatorTests.swift in Sources */ = {isa = PBXBuildFile; fileRef = ECA3CC2380D5891D1F7E062F /* NutritionCalculatorTests.swift */; };
		769442EB0CA07A127A1FF295 /* DailyView.swift in Sources */ = {isa = PBXBuildFile; fileRef = 6ED898EF8BECF183F475003B /* DailyView.swift */; };
		772203ABFB28E65B104555B5 /* CalorisorFormatters.swift in Sources */ = {isa = PBXBuildFile; fileRef = A9BD24BA450518E535654318 /* CalorisorFormatters.swift */; };
		774A3774249812C659CD45E9 /* TurkishFoodReference.swift in Sources */ = {isa = PBXBuildFile; fileRef = 39BBDF90CF9265B4C3790BCA /* TurkishFoodReference.swift */; };
		79F38C14420C0E2C54B2CE5E /* Color+Tokens.swift in Sources */ = {isa = PBXBuildFile; fileRef = 61E9FE15580F17B38AAFE28B /* Color+Tokens.swift */; };
		7BDFE1A2536D7CFEA99CCE25 /* HealthKitWeightTrendBuilder.swift in Sources */ = {isa = PBXBuildFile; fileRef = 05D0252162673CC05499768A /* HealthKitWeightTrendBuilder.swift */; };
		82AF13000255959D7BC44DC9 /* ReferenceReconcilerTests.swift in Sources */ = {isa = PBXBuildFile; fileRef = 0DC28ACD3FE8E3F41C23A8DD /* ReferenceReconcilerTests.swift */; };
		86D6F1186D5EA0767A20B8C5 /* GeistMono-Regular.otf in Resources */ = {isa = PBXBuildFile; fileRef = 9A26520421B1683756057FE5 /* GeistMono-Regular.otf */; };
		8A71C748C5FDB2199F43BC48 /* DayDetailView.swift in Sources */ = {isa = PBXBuildFile; fileRef = 8D6D4F2FC6A62DF734DE8C13 /* DayDetailView.swift */; };
		8CB6A114EFD2596DE465C9E9 /* WidgetDataStore.swift in Sources */ = {isa = PBXBuildFile; fileRef = E80C942567606EED9541078F /* WidgetDataStore.swift */; };
		8FEECFC6E7775D27B3DEEA89 /* HealthKitManagerTests.swift in Sources */ = {isa = PBXBuildFile; fileRef = 0A5CB1E3BAB77746A9CD9E17 /* HealthKitManagerTests.swift */; };
		91F0978BD4FB7F473672647C /* VisionResponseValidatorTests.swift in Sources */ = {isa = PBXBuildFile; fileRef = 961E76B66A836E2BDA9327BD /* VisionResponseValidatorTests.swift */; };
		944921502320EA0453ECF138 /* NotificationPrefsTests.swift in Sources */ = {isa = PBXBuildFile; fileRef = 9ACA2A9608E664470F180974 /* NotificationPrefsTests.swift */; };
		94DE47CB24FDA7683F2D0A97 /* FoodReferenceReconcilerTests.swift in Sources */ = {isa = PBXBuildFile; fileRef = 0A132B9E017CD4AF07CF09EB /* FoodReferenceReconcilerTests.swift */; };
		973E5ACAB8A73B8AC3DCE0AC /* AIProxyClient.swift in Sources */ = {isa = PBXBuildFile; fileRef = 5D1D95B56B98BDABCD29B420 /* AIProxyClient.swift */; };
		97F302F921D64DF81BDF741F /* MealReminderService.swift in Sources */ = {isa = PBXBuildFile; fileRef = 647B6347EF21DA8F4A3828A9 /* MealReminderService.swift */; };
		98C1432070956FB356DAEA68 /* HealthKitManager.swift in Sources */ = {isa = PBXBuildFile; fileRef = 7540B9AB44C0A0E95BBD3ED3 /* HealthKitManager.swift */; };
		A077F31F8ECBBAD139BDAF4D /* ResultItemCard.swift in Sources */ = {isa = PBXBuildFile; fileRef = 70A4062F575039286C2B1647 /* ResultItemCard.swift */; };
		A9D6A7FB2F3C1F4E24FFC244 /* NutritionCalculator.swift in Sources */ = {isa = PBXBuildFile; fileRef = 20CAEE7F6CAA43D64781CAE6 /* NutritionCalculator.swift */; };
		B03FF078F3D309F69712EAC5 /* AIProxyClientTests.swift in Sources */ = {isa = PBXBuildFile; fileRef = 67C6E53607281F76AC6445A1 /* AIProxyClientTests.swift */; };
		B16403C34CFC241F2C7277F5 /* HistoryDaySummaryBuilderTests.swift in Sources */ = {isa = PBXBuildFile; fileRef = 0AC399C35E81AC1142CA0E2F /* HistoryDaySummaryBuilderTests.swift */; };
		B5AD679073A1E4001C5B67A5 /* StoreKitManager.swift in Sources */ = {isa = PBXBuildFile; fileRef = 8E78C510C9646D5DFED5E904 /* StoreKitManager.swift */; };
		B6AFDEE2316106B87B08B7E5 /* Motion+Patterns.swift in Sources */ = {isa = PBXBuildFile; fileRef = D3A2DC3E70AEE48D9A63E0EE /* Motion+Patterns.swift */; };
		B6C56829FB835E9AD0DD5D2E /* Geist-SemiBold.otf in Resources */ = {isa = PBXBuildFile; fileRef = 37E597EF19552E0CD85EE33F /* Geist-SemiBold.otf */; };
		B99E63806AE52BC6F3B9CA63 /* Lottie in Frameworks */ = {isa = PBXBuildFile; productRef = 44D3F69D0EFE23D522201CF8 /* Lottie */; };
		BCAC463215E5244EB8CB92B6 /* UserProfileRecomputeTests.swift in Sources */ = {isa = PBXBuildFile; fileRef = C8D4035C21E1DCE8992DCE1D /* UserProfileRecomputeTests.swift */; };
		C00412DFB99FE93F95C05AAD /* Surfaces.swift in Sources */ = {isa = PBXBuildFile; fileRef = 83DC4CCC3592A36E7518407D /* Surfaces.swift */; };
		C1222BA624C0486701B1891D /* TextLogView.swift in Sources */ = {isa = PBXBuildFile; fileRef = 56173C488B2EBAE267E9EEEA /* TextLogView.swift */; };
		C262C7CD3E3273521DD1CB7D /* DaySummaryBuilder.swift in Sources */ = {isa = PBXBuildFile; fileRef = 4835A0ECAD1156E685566217 /* DaySummaryBuilder.swift */; };
		C281FE61B3BD11981443FF5A /* FrequentMealsBuilder.swift in Sources */ = {isa = PBXBuildFile; fileRef = 684FE8D566E5C5D73B3D536A /* FrequentMealsBuilder.swift */; };
		C429A56FF65FD2C2F7AC6620 /* PaywallView.swift in Sources */ = {isa = PBXBuildFile; fileRef = 937ECAE39D8C83383966E268 /* PaywallView.swift */; };
		C80343453E51EE8A48B28F93 /* NavigationModel.swift in Sources */ = {isa = PBXBuildFile; fileRef = ED907CD31FFF0235D330267E /* NavigationModel.swift */; };
		C937844343A5BBC4E8E5FEB2 /* FrequentMealsBuilderTests.swift in Sources */ = {isa = PBXBuildFile; fileRef = 6486817DB465C238D084C52A /* FrequentMealsBuilderTests.swift */; };
		C94EACBB25DF698ABD1226A0 /* DataExporterTests.swift in Sources */ = {isa = PBXBuildFile; fileRef = 5CE5BE300915B6E36CD4EDA5 /* DataExporterTests.swift */; };
		C981FF7CA1FFF8E139417CDD /* Color+Widget.swift in Sources */ = {isa = PBXBuildFile; fileRef = 1C45F864B90BE7D0253BD2F0 /* Color+Widget.swift */; };
		C9F2381E168595BF251090E3 /* Font+Widget.swift in Sources */ = {isa = PBXBuildFile; fileRef = 69096618DAAF609065B5F69C /* Font+Widget.swift */; };
		CC6AADE1E630A0BB10A6154A /* RenameReconciliationTests.swift in Sources */ = {isa = PBXBuildFile; fileRef = 17D43988DE70888BAF0EEDC2 /* RenameReconciliationTests.swift */; };
		CFE650B24AC2838386E12137 /* WidgetDailySummary.swift in Sources */ = {isa = PBXBuildFile; fileRef = 3F4A4C89E18477D4B5D39880 /* WidgetDailySummary.swift */; };
		D08B477DE2C82D570D95AA9D /* Products.storekit in Resources */ = {isa = PBXBuildFile; fileRef = 6C4E55B83151B29C85211294 /* Products.storekit */; };
		D432662D90861A5C4DE6224B /* UserDataDeletionTests.swift in Sources */ = {isa = PBXBuildFile; fileRef = 25560B0E61F6C49B28C75EA5 /* UserDataDeletionTests.swift */; };
		DBB3140AEACC468EBF18A507 /* GeistMono-Medium.otf in Resources */ = {isa = PBXBuildFile; fileRef = 7164A3C29CA80409500E3BB0 /* GeistMono-Medium.otf */; };
		DC1D1E8E76501FE4F9E86A0E /* LogButton.swift in Sources */ = {isa = PBXBuildFile; fileRef = ABF7E892224C3A728225DB82 /* LogButton.swift */; };
		DD7E30BFEEA573BB0801EBDF /* DaySummaryBuilderTests.swift in Sources */ = {isa = PBXBuildFile; fileRef = DFD27B599CBE576D0CD6F44A /* DaySummaryBuilderTests.swift */; };
		DED18F140381A429E4179A8C /* LogMealIntent.swift in Sources */ = {isa = PBXBuildFile; fileRef = 9D3DD15C6FF6A17A1D0BC935 /* LogMealIntent.swift */; };
		DFF3E9A2AF472E1F2CCD6B1B /* DailyQuickCounter.swift in Sources */ = {isa = PBXBuildFile; fileRef = EA177D9CF39074FF33BA0C37 /* DailyQuickCounter.swift */; };
		E00EADE2BAEC39B2D4DFB33F /* CalorisorWidget.swift in Sources */ = {isa = PBXBuildFile; fileRef = 39BC4E8448A27D50313DD8A6 /* CalorisorWidget.swift */; };
		E17D91CEFF75904926060CF3 /* ImageDownscalerTests.swift in Sources */ = {isa = PBXBuildFile; fileRef = D5A0607010C75AC0543D1AE0 /* ImageDownscalerTests.swift */; };
		E41F4454AA923268CA26623D /* Layout.swift in Sources */ = {isa = PBXBuildFile; fileRef = 6B3F8C1AFED26D14BEBCD7EE /* Layout.swift */; };
		E6AD43DD8A1D85656EDDEC1B /* CalorisorIconRenderTests.swift in Sources */ = {isa = PBXBuildFile; fileRef = C5750C25C8AC14377E35D98A /* CalorisorIconRenderTests.swift */; };
		E7C18522ACCF93CE490DC1D7 /* WeightTrendView.swift in Sources */ = {isa = PBXBuildFile; fileRef = FAC33FA2F59D203CDB8BB705 /* WeightTrendView.swift */; };
		EB437655F1A5236524F60C4E /* Geist-Medium.otf in Resources */ = {isa = PBXBuildFile; fileRef = 12675C092DB7AEE123AE49D4 /* Geist-Medium.otf */; };
		F112F28C9BF7C83152FE11A9 /* ReferenceReconciler.swift in Sources */ = {isa = PBXBuildFile; fileRef = C85647310CC9368556EF3D16 /* ReferenceReconciler.swift */; };
		F42741E7D69A74C4776737AF /* OnboardingView.swift in Sources */ = {isa = PBXBuildFile; fileRef = C0BCA8E9FCE34FCE031C0006 /* OnboardingView.swift */; };
		FCF6076CBC79FE0764A18C4C /* PortionUnit.swift in Sources */ = {isa = PBXBuildFile; fileRef = E87FBECF54583E7422F6A3FD /* PortionUnit.swift */; };
		FE473A573566D64AA2E27602 /* ContentView.swift in Sources */ = {isa = PBXBuildFile; fileRef = 0E89733ADAA1DC50CA8A2680 /* ContentView.swift */; };
		FF7AF784FEED15402298E6E5 /* QuickCounterView.swift in Sources */ = {isa = PBXBuildFile; fileRef = D4DB2B126FAD5DE3C65BE243 /* QuickCounterView.swift */; };
/* End PBXBuildFile section */

/* Begin PBXContainerItemProxy section */
		09558D7DFB81770028AF465B /* PBXContainerItemProxy */ = {
			isa = PBXContainerItemProxy;
			containerPortal = DFDADA4ECDD4A41E0F8CE035 /* Project object */;
			proxyType = 1;
			remoteGlobalIDString = A3111679785C015B1CD0DAA1;
			remoteInfo = CalorisorWidgetExtension;
		};
		E1DBDC088250DD81C309E5AB /* PBXContainerItemProxy */ = {
			isa = PBXContainerItemProxy;
			containerPortal = DFDADA4ECDD4A41E0F8CE035 /* Project object */;
			proxyType = 1;
			remoteGlobalIDString = A191CD2DA22A45FBA49376D3;
			remoteInfo = Calorisor;
		};
/* End PBXContainerItemProxy section */

/* Begin PBXCopyFilesBuildPhase section */
		8D409728BE0F350B98E06A8E /* Embed Foundation Extensions */ = {
			isa = PBXCopyFilesBuildPhase;
			buildActionMask = 2147483647;
			dstPath = "";
			dstSubfolderSpec = 13;
			files = (
				24D50AB1E07D5D761DD1EEA6 /* CalorisorWidgetExtension.appex in Embed Foundation Extensions */,
			);
			name = "Embed Foundation Extensions";
			runOnlyForDeploymentPostprocessing = 0;
		};
/* End PBXCopyFilesBuildPhase section */

/* Begin PBXFileReference section */
		0110C615AE66FDDD46F02FCC /* LoggedItem.swift */ = {isa = PBXFileReference; lastKnownFileType = sourcecode.swift; path = LoggedItem.swift; sourceTree = "<group>"; };
		05D0252162673CC05499768A /* HealthKitWeightTrendBuilder.swift */ = {isa = PBXFileReference; lastKnownFileType = sourcecode.swift; path = HealthKitWeightTrendBuilder.swift; sourceTree = "<group>"; };
		07EAC6401ADBAB3BC97E85DA /* PortionRecalculationTests.swift */ = {isa = PBXFileReference; lastKnownFileType = sourcecode.swift; path = PortionRecalculationTests.swift; sourceTree = "<group>"; };
		0A132B9E017CD4AF07CF09EB /* FoodReferenceReconcilerTests.swift */ = {isa = PBXFileReference; lastKnownFileType = sourcecode.swift; path = FoodReferenceReconcilerTests.swift; sourceTree = "<group>"; };
		0A5CB1E3BAB77746A9CD9E17 /* HealthKitManagerTests.swift */ = {isa = PBXFileReference; lastKnownFileType = sourcecode.swift; path = HealthKitManagerTests.swift; sourceTree = "<group>"; };
		0AC399C35E81AC1142CA0E2F /* HistoryDaySummaryBuilderTests.swift */ = {isa = PBXFileReference; lastKnownFileType = sourcecode.swift; path = HistoryDaySummaryBuilderTests.swift; sourceTree = "<group>"; };
		0DC28ACD3FE8E3F41C23A8DD /* ReferenceReconcilerTests.swift */ = {isa = PBXFileReference; lastKnownFileType = sourcecode.swift; path = ReferenceReconcilerTests.swift; sourceTree = "<group>"; };
		0E89733ADAA1DC50CA8A2680 /* ContentView.swift */ = {isa = PBXFileReference; lastKnownFileType = sourcecode.swift; path = ContentView.swift; sourceTree = "<group>"; };
		112F0D96491EA7648615CA66 /* CalorieRingView.swift */ = {isa = PBXFileReference; lastKnownFileType = sourcecode.swift; path = CalorieRingView.swift; sourceTree = "<group>"; };
		12675C092DB7AEE123AE49D4 /* Geist-Medium.otf */ = {isa = PBXFileReference; lastKnownFileType = file; path = "Geist-Medium.otf"; sourceTree = "<group>"; };
		17C2D3FCC4BC573EC91E67BF /* CalorisorApp.swift */ = {isa = PBXFileReference; lastKnownFileType = sourcecode.swift; path = CalorisorApp.swift; sourceTree = "<group>"; };
		17D43988DE70888BAF0EEDC2 /* RenameReconciliationTests.swift */ = {isa = PBXFileReference; lastKnownFileType = sourcecode.swift; path = RenameReconciliationTests.swift; sourceTree = "<group>"; };
		1922CF71533FE5215C56F284 /* OnboardingModel.swift */ = {isa = PBXFileReference; lastKnownFileType = sourcecode.swift; path = OnboardingModel.swift; sourceTree = "<group>"; };
		1B3E6429C5661C07C39C252D /* FreeScanCounter.swift */ = {isa = PBXFileReference; lastKnownFileType = sourcecode.swift; path = FreeScanCounter.swift; sourceTree = "<group>"; };
		1C45F864B90BE7D0253BD2F0 /* Color+Widget.swift */ = {isa = PBXFileReference; lastKnownFileType = sourcecode.swift; path = "Color+Widget.swift"; sourceTree = "<group>"; };
		20CAEE7F6CAA43D64781CAE6 /* NutritionCalculator.swift */ = {isa = PBXFileReference; lastKnownFileType = sourcecode.swift; path = NutritionCalculator.swift; sourceTree = "<group>"; };
		2157D9A7A839F485EEA3358C /* BreadReferenceTests.swift */ = {isa = PBXFileReference; lastKnownFileType = sourcecode.swift; path = BreadReferenceTests.swift; sourceTree = "<group>"; };
		25560B0E61F6C49B28C75EA5 /* UserDataDeletionTests.swift */ = {isa = PBXFileReference; lastKnownFileType = sourcecode.swift; path = UserDataDeletionTests.swift; sourceTree = "<group>"; };
		325D227BABC6B12C152A5DEE /* HealthKitWeightTrendBuilderTests.swift */ = {isa = PBXFileReference; lastKnownFileType = sourcecode.swift; path = HealthKitWeightTrendBuilderTests.swift; sourceTree = "<group>"; };
		37E597EF19552E0CD85EE33F /* Geist-SemiBold.otf */ = {isa = PBXFileReference; lastKnownFileType = file; path = "Geist-SemiBold.otf"; sourceTree = "<group>"; };
		38F4F0E19596BB906ECD9F56 /* Localizable.xcstrings */ = {isa = PBXFileReference; lastKnownFileType = text.json.xcstrings; path = Localizable.xcstrings; sourceTree = "<group>"; };
		39BBDF90CF9265B4C3790BCA /* TurkishFoodReference.swift */ = {isa = PBXFileReference; lastKnownFileType = sourcecode.swift; path = TurkishFoodReference.swift; sourceTree = "<group>"; };
		39BC4E8448A27D50313DD8A6 /* CalorisorWidget.swift */ = {isa = PBXFileReference; lastKnownFileType = sourcecode.swift; path = CalorisorWidget.swift; sourceTree = "<group>"; };
		3D3752E2751EACCCB9B2889E /* ScanEntry.swift */ = {isa = PBXFileReference; lastKnownFileType = sourcecode.swift; path = ScanEntry.swift; sourceTree = "<group>"; };
		3ED97A6754E6A9CAF2E2A0B6 /* Assets.xcassets */ = {isa = PBXFileReference; lastKnownFileType = folder.assetcatalog; path = Assets.xcassets; sourceTree = "<group>"; };
		3EF22DBF9E4C913D48D4C3D0 /* CalorisorIcon.swift */ = {isa = PBXFileReference; lastKnownFileType = sourcecode.swift; path = CalorisorIcon.swift; sourceTree = "<group>"; };
		3F4A4C89E18477D4B5D39880 /* WidgetDailySummary.swift */ = {isa = PBXFileReference; lastKnownFileType = sourcecode.swift; path = WidgetDailySummary.swift; sourceTree = "<group>"; };
		4835A0ECAD1156E685566217 /* DaySummaryBuilder.swift */ = {isa = PBXFileReference; lastKnownFileType = sourcecode.swift; path = DaySummaryBuilder.swift; sourceTree = "<group>"; };
		56173C488B2EBAE267E9EEEA /* TextLogView.swift */ = {isa = PBXFileReference; lastKnownFileType = sourcecode.swift; path = TextLogView.swift; sourceTree = "<group>"; };
		568C132695DA112741046934 /* Info.plist */ = {isa = PBXFileReference; lastKnownFileType = text.plist; path = Info.plist; sourceTree = "<group>"; };
		5BFA3F950169F0C2E7AAA171 /* Geist-Regular.otf */ = {isa = PBXFileReference; lastKnownFileType = file; path = "Geist-Regular.otf"; sourceTree = "<group>"; };
		5CE5BE300915B6E36CD4EDA5 /* DataExporterTests.swift */ = {isa = PBXFileReference; lastKnownFileType = sourcecode.swift; path = DataExporterTests.swift; sourceTree = "<group>"; };
		5D1D95B56B98BDABCD29B420 /* AIProxyClient.swift */ = {isa = PBXFileReference; lastKnownFileType = sourcecode.swift; path = AIProxyClient.swift; sourceTree = "<group>"; };
		5DC2C5A6F9CCDF3EA91658E0 /* HistoryView.swift */ = {isa = PBXFileReference; lastKnownFileType = sourcecode.swift; path = HistoryView.swift; sourceTree = "<group>"; };
		602E4499D02012A4D35591E3 /* UserProfile.swift */ = {isa = PBXFileReference; lastKnownFileType = sourcecode.swift; path = UserProfile.swift; sourceTree = "<group>"; };
		611D2668C0DEBF5107D09983 /* String+TurkishNormalize.swift */ = {isa = PBXFileReference; lastKnownFileType = sourcecode.swift; path = "String+TurkishNormalize.swift"; sourceTree = "<group>"; };
		61E9FE15580F17B38AAFE28B /* Color+Tokens.swift */ = {isa = PBXFileReference; lastKnownFileType = sourcecode.swift; path = "Color+Tokens.swift"; sourceTree = "<group>"; };
		647B6347EF21DA8F4A3828A9 /* MealReminderService.swift */ = {isa = PBXFileReference; lastKnownFileType = sourcecode.swift; path = MealReminderService.swift; sourceTree = "<group>"; };
		6486817DB465C238D084C52A /* FrequentMealsBuilderTests.swift */ = {isa = PBXFileReference; lastKnownFileType = sourcecode.swift; path = FrequentMealsBuilderTests.swift; sourceTree = "<group>"; };
		67C6E53607281F76AC6445A1 /* AIProxyClientTests.swift */ = {isa = PBXFileReference; lastKnownFileType = sourcecode.swift; path = AIProxyClientTests.swift; sourceTree = "<group>"; };
		684FE8D566E5C5D73B3D536A /* FrequentMealsBuilder.swift */ = {isa = PBXFileReference; lastKnownFileType = sourcecode.swift; path = FrequentMealsBuilder.swift; sourceTree = "<group>"; };
		69096618DAAF609065B5F69C /* Font+Widget.swift */ = {isa = PBXFileReference; lastKnownFileType = sourcecode.swift; path = "Font+Widget.swift"; sourceTree = "<group>"; };
		6B3F8C1AFED26D14BEBCD7EE /* Layout.swift */ = {isa = PBXFileReference; lastKnownFileType = sourcecode.swift; path = Layout.swift; sourceTree = "<group>"; };
		6C4E55B83151B29C85211294 /* Products.storekit */ = {isa = PBXFileReference; path = Products.storekit; sourceTree = "<group>"; };
		6ED898EF8BECF183F475003B /* DailyView.swift */ = {isa = PBXFileReference; lastKnownFileType = sourcecode.swift; path = DailyView.swift; sourceTree = "<group>"; };
		70A4062F575039286C2B1647 /* ResultItemCard.swift */ = {isa = PBXFileReference; lastKnownFileType = sourcecode.swift; path = ResultItemCard.swift; sourceTree = "<group>"; };
		7164A3C29CA80409500E3BB0 /* GeistMono-Medium.otf */ = {isa = PBXFileReference; lastKnownFileType = file; path = "GeistMono-Medium.otf"; sourceTree = "<group>"; };
		7540B9AB44C0A0E95BBD3ED3 /* HealthKitManager.swift */ = {isa = PBXFileReference; lastKnownFileType = sourcecode.swift; path = HealthKitManager.swift; sourceTree = "<group>"; };
		7686DB3C16E23422A50BFE60 /* SevenDaySummaryView.swift */ = {isa = PBXFileReference; lastKnownFileType = sourcecode.swift; path = SevenDaySummaryView.swift; sourceTree = "<group>"; };
		7728E02F48116D511BFC3748 /* AppLanguage.swift */ = {isa = PBXFileReference; lastKnownFileType = sourcecode.swift; path = AppLanguage.swift; sourceTree = "<group>"; };
		77B7233EFB24FF4164AD5868 /* turkish_food_reference.json */ = {isa = PBXFileReference; lastKnownFileType = text.json; path = turkish_food_reference.json; sourceTree = "<group>"; };
		826D575097B870F6EDAB44B1 /* WidgetEntryView.swift */ = {isa = PBXFileReference; lastKnownFileType = sourcecode.swift; path = WidgetEntryView.swift; sourceTree = "<group>"; };
		82E9949AD89E64DDD17B5510 /* Provider.swift */ = {isa = PBXFileReference; lastKnownFileType = sourcecode.swift; path = Provider.swift; sourceTree = "<group>"; };
		83DC4CCC3592A36E7518407D /* Surfaces.swift */ = {isa = PBXFileReference; lastKnownFileType = sourcecode.swift; path = Surfaces.swift; sourceTree = "<group>"; };
		892C01800CA17DFCF8A14D57 /* Calorisor.app */ = {isa = PBXFileReference; includeInIndex = 0; lastKnownFileType = wrapper.application; path = Calorisor.app; sourceTree = BUILT_PRODUCTS_DIR; };
		8C50C6727093AE135F03C322 /* NutritionConstants.swift */ = {isa = PBXFileReference; lastKnownFileType = sourcecode.swift; path = NutritionConstants.swift; sourceTree = "<group>"; };
		8D6D4F2FC6A62DF734DE8C13 /* DayDetailView.swift */ = {isa = PBXFileReference; lastKnownFileType = sourcecode.swift; path = DayDetailView.swift; sourceTree = "<group>"; };
		8E78C510C9646D5DFED5E904 /* StoreKitManager.swift */ = {isa = PBXFileReference; lastKnownFileType = sourcecode.swift; path = StoreKitManager.swift; sourceTree = "<group>"; };
		91025AD78F8264670567B82B /* WidgetDataStore+MainApp.swift */ = {isa = PBXFileReference; lastKnownFileType = sourcecode.swift; path = "WidgetDataStore+MainApp.swift"; sourceTree = "<group>"; };
		937ECAE39D8C83383966E268 /* PaywallView.swift */ = {isa = PBXFileReference; lastKnownFileType = sourcecode.swift; path = PaywallView.swift; sourceTree = "<group>"; };
		961E76B66A836E2BDA9327BD /* VisionResponseValidatorTests.swift */ = {isa = PBXFileReference; lastKnownFileType = sourcecode.swift; path = VisionResponseValidatorTests.swift; sourceTree = "<group>"; };
		9737DCD2C18AED8AA8734377 /* CategorySlugMap.swift */ = {isa = PBXFileReference; lastKnownFileType = sourcecode.swift; path = CategorySlugMap.swift; sourceTree = "<group>"; };
		9A26520421B1683756057FE5 /* GeistMono-Regular.otf */ = {isa = PBXFileReference; lastKnownFileType = file; path = "GeistMono-Regular.otf"; sourceTree = "<group>"; };
		9ACA2A9608E664470F180974 /* NotificationPrefsTests.swift */ = {isa = PBXFileReference; lastKnownFileType = sourcecode.swift; path = NotificationPrefsTests.swift; sourceTree = "<group>"; };
		9C0AC9AF91597737B5CC557F /* AIProxyClientErrorTests.swift */ = {isa = PBXFileReference; lastKnownFileType = sourcecode.swift; path = AIProxyClientErrorTests.swift; sourceTree = "<group>"; };
		9D3DD15C6FF6A17A1D0BC935 /* LogMealIntent.swift */ = {isa = PBXFileReference; lastKnownFileType = sourcecode.swift; path = LogMealIntent.swift; sourceTree = "<group>"; };
		A476FF2A8C46A9EE66351659 /* FreeScanCounterTests.swift */ = {isa = PBXFileReference; lastKnownFileType = sourcecode.swift; path = FreeScanCounterTests.swift; sourceTree = "<group>"; };
		A636A3CB150DE35B6ED56F2F /* InstallationIdentityTests.swift */ = {isa = PBXFileReference; lastKnownFileType = sourcecode.swift; path = InstallationIdentityTests.swift; sourceTree = "<group>"; };
		A9BD24BA450518E535654318 /* CalorisorFormatters.swift */ = {isa = PBXFileReference; lastKnownFileType = sourcecode.swift; path = CalorisorFormatters.swift; sourceTree = "<group>"; };
		ABBDEC1F5CE5E1A260FD3901 /* ResultView.swift */ = {isa = PBXFileReference; lastKnownFileType = sourcecode.swift; path = ResultView.swift; sourceTree = "<group>"; };
		ABF7E892224C3A728225DB82 /* LogButton.swift */ = {isa = PBXFileReference; lastKnownFileType = sourcecode.swift; path = LogButton.swift; sourceTree = "<group>"; };
		B05F4BC72923466DB41A66CE /* MealSpeechRecognizerTests.swift */ = {isa = PBXFileReference; lastKnownFileType = sourcecode.swift; path = MealSpeechRecognizerTests.swift; sourceTree = "<group>"; };
		B20149F8A31AF9E9F7028B92 /* CameraView.swift */ = {isa = PBXFileReference; lastKnownFileType = sourcecode.swift; path = CameraView.swift; sourceTree = "<group>"; };
		B522912C9EA685296F5E8347 /* CalorieRingViewTests.swift */ = {isa = PBXFileReference; lastKnownFileType = sourcecode.swift; path = CalorieRingViewTests.swift; sourceTree = "<group>"; };
		BBE22C67D6A4050C38267F06 /* tr */ = {isa = PBXFileReference; lastKnownFileType = text.plist.strings; name = tr; path = tr.lproj/InfoPlist.strings; sourceTree = "<group>"; };
		BDBE73D2FB9E4D370662A725 /* FoodReference.swift */ = {isa = PBXFileReference; lastKnownFileType = sourcecode.swift; path = FoodReference.swift; sourceTree = "<group>"; };
		BFB9D35D2E52869E8341C204 /* DataExporter.swift */ = {isa = PBXFileReference; lastKnownFileType = sourcecode.swift; path = DataExporter.swift; sourceTree = "<group>"; };
		C0BCA8E9FCE34FCE031C0006 /* OnboardingView.swift */ = {isa = PBXFileReference; lastKnownFileType = sourcecode.swift; path = OnboardingView.swift; sourceTree = "<group>"; };
		C43E5A75CE80FE0EFCF4485E /* WidgetDailySummaryTests.swift */ = {isa = PBXFileReference; lastKnownFileType = sourcecode.swift; path = WidgetDailySummaryTests.swift; sourceTree = "<group>"; };
		C5750C25C8AC14377E35D98A /* CalorisorIconRenderTests.swift */ = {isa = PBXFileReference; lastKnownFileType = sourcecode.swift; path = CalorisorIconRenderTests.swift; sourceTree = "<group>"; };
		C85647310CC9368556EF3D16 /* ReferenceReconciler.swift */ = {isa = PBXFileReference; lastKnownFileType = sourcecode.swift; path = ReferenceReconciler.swift; sourceTree = "<group>"; };
		C8D4035C21E1DCE8992DCE1D /* UserProfileRecomputeTests.swift */ = {isa = PBXFileReference; lastKnownFileType = sourcecode.swift; path = UserProfileRecomputeTests.swift; sourceTree = "<group>"; };
		C925C0CBD7ED7A4DEBF87B7D /* en */ = {isa = PBXFileReference; lastKnownFileType = text.plist.strings; name = en; path = en.lproj/InfoPlist.strings; sourceTree = "<group>"; };
		C9D3D028925CDAD621B60DA1 /* CalorisorLottieView.swift */ = {isa = PBXFileReference; lastKnownFileType = sourcecode.swift; path = CalorisorLottieView.swift; sourceTree = "<group>"; };
		CC11CC34E5E7914DB344C134 /* .gitkeep */ = {isa = PBXFileReference; path = .gitkeep; sourceTree = "<group>"; };
		D1EEBDC748C516E5E2D03CD6 /* ReconcilerNegativeTests.swift */ = {isa = PBXFileReference; lastKnownFileType = sourcecode.swift; path = ReconcilerNegativeTests.swift; sourceTree = "<group>"; };
		D3A2DC3E70AEE48D9A63E0EE /* Motion+Patterns.swift */ = {isa = PBXFileReference; lastKnownFileType = sourcecode.swift; path = "Motion+Patterns.swift"; sourceTree = "<group>"; };
		D46128715FADCC279B5056F0 /* AIProxyRequestTests.swift */ = {isa = PBXFileReference; lastKnownFileType = sourcecode.swift; path = AIProxyRequestTests.swift; sourceTree = "<group>"; };
		D4DB2B126FAD5DE3C65BE243 /* QuickCounterView.swift */ = {isa = PBXFileReference; lastKnownFileType = sourcecode.swift; path = QuickCounterView.swift; sourceTree = "<group>"; };
		D5A0607010C75AC0543D1AE0 /* ImageDownscalerTests.swift */ = {isa = PBXFileReference; lastKnownFileType = sourcecode.swift; path = ImageDownscalerTests.swift; sourceTree = "<group>"; };
		D7EBB288F8C3D465AC687F4A /* RawAIResponseTests.swift */ = {isa = PBXFileReference; lastKnownFileType = sourcecode.swift; path = RawAIResponseTests.swift; sourceTree = "<group>"; };
		D9F5BC08B312274A62F31B20 /* VisionResponseValidator.swift */ = {isa = PBXFileReference; lastKnownFileType = sourcecode.swift; path = VisionResponseValidator.swift; sourceTree = "<group>"; };
		DC57EDF03FB81945A9D5032D /* VisionResponse.swift */ = {isa = PBXFileReference; lastKnownFileType = sourcecode.swift; path = VisionResponse.swift; sourceTree = "<group>"; };
		DFD27B599CBE576D0CD6F44A /* DaySummaryBuilderTests.swift */ = {isa = PBXFileReference; lastKnownFileType = sourcecode.swift; path = DaySummaryBuilderTests.swift; sourceTree = "<group>"; };
		E1B0E3CB58E7F31FCACEF3EC /* Font+Tokens.swift */ = {isa = PBXFileReference; lastKnownFileType = sourcecode.swift; path = "Font+Tokens.swift"; sourceTree = "<group>"; };
		E201E94BC95515BDB49EAD5C /* CalorisorTests.xctest */ = {isa = PBXFileReference; includeInIndex = 0; lastKnownFileType = wrapper.cfbundle; path = CalorisorTests.xctest; sourceTree = BUILT_PRODUCTS_DIR; };
		E7A279FCFE77D1B29C731670 /* en */ = {isa = PBXFileReference; lastKnownFileType = text.plist.strings; name = en; path = en.lproj/InfoPlist.strings; sourceTree = "<group>"; };
		E80C942567606EED9541078F /* WidgetDataStore.swift */ = {isa = PBXFileReference; lastKnownFileType = sourcecode.swift; path = WidgetDataStore.swift; sourceTree = "<group>"; };
		E87FBECF54583E7422F6A3FD /* PortionUnit.swift */ = {isa = PBXFileReference; lastKnownFileType = sourcecode.swift; path = PortionUnit.swift; sourceTree = "<group>"; };
		EA177D9CF39074FF33BA0C37 /* DailyQuickCounter.swift */ = {isa = PBXFileReference; lastKnownFileType = sourcecode.swift; path = DailyQuickCounter.swift; sourceTree = "<group>"; };
		ECA3CC2380D5891D1F7E062F /* NutritionCalculatorTests.swift */ = {isa = PBXFileReference; lastKnownFileType = sourcecode.swift; path = NutritionCalculatorTests.swift; sourceTree = "<group>"; };
		ED907CD31FFF0235D330267E /* NavigationModel.swift */ = {isa = PBXFileReference; lastKnownFileType = sourcecode.swift; path = NavigationModel.swift; sourceTree = "<group>"; };
		F4732C6D43064C0E1C0C5F38 /* tr */ = {isa = PBXFileReference; lastKnownFileType = text.plist.strings; name = tr; path = tr.lproj/InfoPlist.strings; sourceTree = "<group>"; };
		FA4E404F4BEC781D825D123B /* InstallationIdentity.swift */ = {isa = PBXFileReference; lastKnownFileType = sourcecode.swift; path = InstallationIdentity.swift; sourceTree = "<group>"; };
		FAC33FA2F59D203CDB8BB705 /* WeightTrendView.swift */ = {isa = PBXFileReference; lastKnownFileType = sourcecode.swift; path = WeightTrendView.swift; sourceTree = "<group>"; };
		FAC65F6700B972665F5B7D54 /* TextLogInputPolicyTests.swift */ = {isa = PBXFileReference; lastKnownFileType = sourcecode.swift; path = TextLogInputPolicyTests.swift; sourceTree = "<group>"; };
		FB73CDD81D295F767724EED6 /* CalorisorModelContainer.swift */ = {isa = PBXFileReference; lastKnownFileType = sourcecode.swift; path = CalorisorModelContainer.swift; sourceTree = "<group>"; };
		FBBA5506EB73D98116695157 /* AnalysisOverlay.swift */ = {isa = PBXFileReference; lastKnownFileType = sourcecode.swift; path = AnalysisOverlay.swift; sourceTree = "<group>"; };
		FE3F8ECF6FC30C7D6AA3690F /* CalorisorWidget.entitlements */ = {isa = PBXFileReference; lastKnownFileType = text.plist.entitlements; path = CalorisorWidget.entitlements; sourceTree = "<group>"; };
		FE65ADFCEFBC7F7AF31AC656 /* CalorisorWidgetExtension.appex */ = {isa = PBXFileReference; includeInIndex = 0; lastKnownFileType = "wrapper.app-extension"; path = CalorisorWidgetExtension.appex; sourceTree = BUILT_PRODUCTS_DIR; };
/* End PBXFileReference section */

/* Begin PBXFrameworksBuildPhase section */
		8A2859CDEE5FF23629E680E6 /* Frameworks */ = {
			isa = PBXFrameworksBuildPhase;
			buildActionMask = 2147483647;
			files = (
				12B28864F0B6BC2886CE3BF5 /* Pow in Frameworks */,
				B99E63806AE52BC6F3B9CA63 /* Lottie in Frameworks */,
			);
			runOnlyForDeploymentPostprocessing = 0;
		};
/* End PBXFrameworksBuildPhase section */

/* Begin PBXGroup section */
		01F397746324D0AC34866D6A /* Notifications */ = {
			isa = PBXGroup;
			children = (
				647B6347EF21DA8F4A3828A9 /* MealReminderService.swift */,
			);
			path = Notifications;
			sourceTree = "<group>";
		};
		1F362C151BAAC458D42D5A3F /* StoreKit */ = {
			isa = PBXGroup;
			children = (
				6C4E55B83151B29C85211294 /* Products.storekit */,
				8E78C510C9646D5DFED5E904 /* StoreKitManager.swift */,
			);
			path = StoreKit;
			sourceTree = "<group>";
		};
		23E4D0DF9059247D14C8AD81 /* Nutrition */ = {
			isa = PBXGroup;
			children = (
				9737DCD2C18AED8AA8734377 /* CategorySlugMap.swift */,
				20CAEE7F6CAA43D64781CAE6 /* NutritionCalculator.swift */,
				C85647310CC9368556EF3D16 /* ReferenceReconciler.swift */,
				611D2668C0DEBF5107D09983 /* String+TurkishNormalize.swift */,
				39BBDF90CF9265B4C3790BCA /* TurkishFoodReference.swift */,
			);
			path = Nutrition;
			sourceTree = "<group>";
		};
		245692EB34327F73237AC38C /* Animations */ = {
			isa = PBXGroup;
			children = (
				CC11CC34E5E7914DB344C134 /* .gitkeep */,
			);
			path = Animations;
			sourceTree = "<group>";
		};
		2658777E8CCB97F3396E59A1 /* Daily */ = {
			isa = PBXGroup;
			children = (
				112F0D96491EA7648615CA66 /* CalorieRingView.swift */,
				6ED898EF8BECF183F475003B /* DailyView.swift */,
				D4DB2B126FAD5DE3C65BE243 /* QuickCounterView.swift */,
				7686DB3C16E23422A50BFE60 /* SevenDaySummaryView.swift */,
			);
			path = Daily;
			sourceTree = "<group>";
		};
		2C1778AB8155EE94C48461A2 /* Views */ = {
			isa = PBXGroup;
			children = (
				D7CAF33FCC1A047827E2BD15 /* Analysis */,
				5AC2E0DE70D7CFD2ED50F71C /* Camera */,
				4DDF8B2A0C2870FF298EE1C4 /* Components */,
				2658777E8CCB97F3396E59A1 /* Daily */,
				36BF605822655BAF2F490B9E /* History */,
				3273FFB40CD3FA56C7FF7CC9 /* Onboarding */,
				3C4CBD8DCE7B339A3F567842 /* Result */,
				96FFA03A0C03789B4DBF6E90 /* TextLog */,
			);
			path = Views;
			sourceTree = "<group>";
		};
		3273FFB40CD3FA56C7FF7CC9 /* Onboarding */ = {
			isa = PBXGroup;
			children = (
				1922CF71533FE5215C56F284 /* OnboardingModel.swift */,
				C0BCA8E9FCE34FCE031C0006 /* OnboardingView.swift */,
				937ECAE39D8C83383966E268 /* PaywallView.swift */,
			);
			path = Onboarding;
			sourceTree = "<group>";
		};
		36BF605822655BAF2F490B9E /* History */ = {
			isa = PBXGroup;
			children = (
				8D6D4F2FC6A62DF734DE8C13 /* DayDetailView.swift */,
				5DC2C5A6F9CCDF3EA91658E0 /* HistoryView.swift */,
				FAC33FA2F59D203CDB8BB705 /* WeightTrendView.swift */,
			);
			path = History;
			sourceTree = "<group>";
		};
		3C4CBD8DCE7B339A3F567842 /* Result */ = {
			isa = PBXGroup;
			children = (
				70A4062F575039286C2B1647 /* ResultItemCard.swift */,
				ABBDEC1F5CE5E1A260FD3901 /* ResultView.swift */,
			);
			path = Result;
			sourceTree = "<group>";
		};
		487CF63AE4B319D62214699F /* Persistence */ = {
			isa = PBXGroup;
			children = (
				FB73CDD81D295F767724EED6 /* CalorisorModelContainer.swift */,
			);
			path = Persistence;
			sourceTree = "<group>";
		};
		4D19A22A381C5D92E77AFCE2 /* DesignSystem */ = {
			isa = PBXGroup;
			children = (
				3EF22DBF9E4C913D48D4C3D0 /* CalorisorIcon.swift */,
				61E9FE15580F17B38AAFE28B /* Color+Tokens.swift */,
				E1B0E3CB58E7F31FCACEF3EC /* Font+Tokens.swift */,
				6B3F8C1AFED26D14BEBCD7EE /* Layout.swift */,
				D3A2DC3E70AEE48D9A63E0EE /* Motion+Patterns.swift */,
				83DC4CCC3592A36E7518407D /* Surfaces.swift */,
			);
			path = DesignSystem;
			sourceTree = "<group>";
		};
		4DDF8B2A0C2870FF298EE1C4 /* Components */ = {
			isa = PBXGroup;
			children = (
				C9D3D028925CDAD621B60DA1 /* CalorisorLottieView.swift */,
				ABF7E892224C3A728225DB82 /* LogButton.swift */,
			);
			path = Components;
			sourceTree = "<group>";
		};
		4F0466B67B0282D832183F58 /* CalorisorWidget */ = {
			isa = PBXGroup;
			children = (
				9F0134485C9BD39808FC74E0 /* Extensions */,
				20FC66520FD08AAC6130C1C7 /* InfoPlist.strings */,
				FE3F8ECF6FC30C7D6AA3690F /* CalorisorWidget.entitlements */,
				39BC4E8448A27D50313DD8A6 /* CalorisorWidget.swift */,
				568C132695DA112741046934 /* Info.plist */,
				82E9949AD89E64DDD17B5510 /* Provider.swift */,
				826D575097B870F6EDAB44B1 /* WidgetEntryView.swift */,
			);
			path = CalorisorWidget;
			sourceTree = "<group>";
		};
		5AC2E0DE70D7CFD2ED50F71C /* Camera */ = {
			isa = PBXGroup;
			children = (
				B20149F8A31AF9E9F7028B92 /* CameraView.swift */,
			);
			path = Camera;
			sourceTree = "<group>";
		};
		69FC7434FBB7406D106D5293 /* Networking */ = {
			isa = PBXGroup;
			children = (
				5D1D95B56B98BDABCD29B420 /* AIProxyClient.swift */,
				1B3E6429C5661C07C39C252D /* FreeScanCounter.swift */,
				FA4E404F4BEC781D825D123B /* InstallationIdentity.swift */,
				DC57EDF03FB81945A9D5032D /* VisionResponse.swift */,
				D9F5BC08B312274A62F31B20 /* VisionResponseValidator.swift */,
			);
			path = Networking;
			sourceTree = "<group>";
		};
		750754890CF37FE05FFC4A51 /* Fonts */ = {
			isa = PBXGroup;
			children = (
				12675C092DB7AEE123AE49D4 /* Geist-Medium.otf */,
				5BFA3F950169F0C2E7AAA171 /* Geist-Regular.otf */,
				37E597EF19552E0CD85EE33F /* Geist-SemiBold.otf */,
				7164A3C29CA80409500E3BB0 /* GeistMono-Medium.otf */,
				9A26520421B1683756057FE5 /* GeistMono-Regular.otf */,
			);
			path = Fonts;
			sourceTree = "<group>";
		};
		9369E32448AC67156BAEB7EF /* Extensions */ = {
			isa = PBXGroup;
			children = (
				91025AD78F8264670567B82B /* WidgetDataStore+MainApp.swift */,
			);
			path = Extensions;
			sourceTree = "<group>";
		};
		96FFA03A0C03789B4DBF6E90 /* TextLog */ = {
			isa = PBXGroup;
			children = (
				56173C488B2EBAE267E9EEEA /* TextLogView.swift */,
			);
			path = TextLog;
			sourceTree = "<group>";
		};
		9CA4E29D35EC3AD3AE3825E8 /* CalorisorTests */ = {
			isa = PBXGroup;
			children = (
				9C0AC9AF91597737B5CC557F /* AIProxyClientErrorTests.swift */,
				67C6E53607281F76AC6445A1 /* AIProxyClientTests.swift */,
				D46128715FADCC279B5056F0 /* AIProxyRequestTests.swift */,
				2157D9A7A839F485EEA3358C /* BreadReferenceTests.swift */,
				B522912C9EA685296F5E8347 /* CalorieRingViewTests.swift */,
				C5750C25C8AC14377E35D98A /* CalorisorIconRenderTests.swift */,
				5CE5BE300915B6E36CD4EDA5 /* DataExporterTests.swift */,
				DFD27B599CBE576D0CD6F44A /* DaySummaryBuilderTests.swift */,
				0A132B9E017CD4AF07CF09EB /* FoodReferenceReconcilerTests.swift */,
				A476FF2A8C46A9EE66351659 /* FreeScanCounterTests.swift */,
				6486817DB465C238D084C52A /* FrequentMealsBuilderTests.swift */,
				0A5CB1E3BAB77746A9CD9E17 /* HealthKitManagerTests.swift */,
				325D227BABC6B12C152A5DEE /* HealthKitWeightTrendBuilderTests.swift */,
				0AC399C35E81AC1142CA0E2F /* HistoryDaySummaryBuilderTests.swift */,
				D5A0607010C75AC0543D1AE0 /* ImageDownscalerTests.swift */,
				A636A3CB150DE35B6ED56F2F /* InstallationIdentityTests.swift */,
				B05F4BC72923466DB41A66CE /* MealSpeechRecognizerTests.swift */,
				9ACA2A9608E664470F180974 /* NotificationPrefsTests.swift */,
				ECA3CC2380D5891D1F7E062F /* NutritionCalculatorTests.swift */,
				07EAC6401ADBAB3BC97E85DA /* PortionRecalculationTests.swift */,
				D7EBB288F8C3D465AC687F4A /* RawAIResponseTests.swift */,
				D1EEBDC748C516E5E2D03CD6 /* ReconcilerNegativeTests.swift */,
				0DC28ACD3FE8E3F41C23A8DD /* ReferenceReconcilerTests.swift */,
				17D43988DE70888BAF0EEDC2 /* RenameReconciliationTests.swift */,
				FAC65F6700B972665F5B7D54 /* TextLogInputPolicyTests.swift */,
				25560B0E61F6C49B28C75EA5 /* UserDataDeletionTests.swift */,
				C8D4035C21E1DCE8992DCE1D /* UserProfileRecomputeTests.swift */,
				961E76B66A836E2BDA9327BD /* VisionResponseValidatorTests.swift */,
				C43E5A75CE80FE0EFCF4485E /* WidgetDailySummaryTests.swift */,
			);
			path = CalorisorTests;
			sourceTree = "<group>";
		};
		9F0134485C9BD39808FC74E0 /* Extensions */ = {
			isa = PBXGroup;
			children = (
				1C45F864B90BE7D0253BD2F0 /* Color+Widget.swift */,
				69096618DAAF609065B5F69C /* Font+Widget.swift */,
			);
			path = Extensions;
			sourceTree = "<group>";
		};
		AE4D73C0DF8B1ADBD409A986 /* App */ = {
			isa = PBXGroup;
			children = (
				7728E02F48116D511BFC3748 /* AppLanguage.swift */,
				17C2D3FCC4BC573EC91E67BF /* CalorisorApp.swift */,
				0E89733ADAA1DC50CA8A2680 /* ContentView.swift */,
				ED907CD31FFF0235D330267E /* NavigationModel.swift */,
			);
			path = App;
			sourceTree = "<group>";
		};
		B00853B5F8C48C86B8729BCE /* Health */ = {
			isa = PBXGroup;
			children = (
				7540B9AB44C0A0E95BBD3ED3 /* HealthKitManager.swift */,
			);
			path = Health;
			sourceTree = "<group>";
		};
		B10287F08B56E6D974207B34 /* AppIntents */ = {
			isa = PBXGroup;
			children = (
				9D3DD15C6FF6A17A1D0BC935 /* LogMealIntent.swift */,
			);
			path = AppIntents;
			sourceTree = "<group>";
		};
		BD7D22DA41CF5D2106F38F2A /* Calorisor */ = {
			isa = PBXGroup;
			children = (
				AE4D73C0DF8B1ADBD409A986 /* App */,
				B10287F08B56E6D974207B34 /* AppIntents */,
				4D19A22A381C5D92E77AFCE2 /* DesignSystem */,
				9369E32448AC67156BAEB7EF /* Extensions */,
				B00853B5F8C48C86B8729BCE /* Health */,
				7B178695AC984F294A40936D /* InfoPlist.strings */,
				D0FF11916F3C49D4815EF503 /* Models */,
				69FC7434FBB7406D106D5293 /* Networking */,
				01F397746324D0AC34866D6A /* Notifications */,
				23E4D0DF9059247D14C8AD81 /* Nutrition */,
				487CF63AE4B319D62214699F /* Persistence */,
				D204DC2A7B621B4B15CB951B /* Resources */,
				1F362C151BAAC458D42D5A3F /* StoreKit */,
				2C1778AB8155EE94C48461A2 /* Views */,
				3ED97A6754E6A9CAF2E2A0B6 /* Assets.xcassets */,
			);
			path = Calorisor;
			sourceTree = "<group>";
		};
		CF0B31D1C432C67F606D605E = {
			isa = PBXGroup;
			children = (
				BD7D22DA41CF5D2106F38F2A /* Calorisor */,
				9CA4E29D35EC3AD3AE3825E8 /* CalorisorTests */,
				4F0466B67B0282D832183F58 /* CalorisorWidget */,
				D32B4D7524BD8E7D7EB5ACD9 /* Products */,
			);
			sourceTree = "<group>";
		};
		D0FF11916F3C49D4815EF503 /* Models */ = {
			isa = PBXGroup;
			children = (
				A9BD24BA450518E535654318 /* CalorisorFormatters.swift */,
				EA177D9CF39074FF33BA0C37 /* DailyQuickCounter.swift */,
				BFB9D35D2E52869E8341C204 /* DataExporter.swift */,
				4835A0ECAD1156E685566217 /* DaySummaryBuilder.swift */,
				BDBE73D2FB9E4D370662A725 /* FoodReference.swift */,
				684FE8D566E5C5D73B3D536A /* FrequentMealsBuilder.swift */,
				05D0252162673CC05499768A /* HealthKitWeightTrendBuilder.swift */,
				0110C615AE66FDDD46F02FCC /* LoggedItem.swift */,
				8C50C6727093AE135F03C322 /* NutritionConstants.swift */,
				E87FBECF54583E7422F6A3FD /* PortionUnit.swift */,
				3D3752E2751EACCCB9B2889E /* ScanEntry.swift */,
				602E4499D02012A4D35591E3 /* UserProfile.swift */,
				3F4A4C89E18477D4B5D39880 /* WidgetDailySummary.swift */,
				E80C942567606EED9541078F /* WidgetDataStore.swift */,
			);
			path = Models;
			sourceTree = "<group>";
		};
		D204DC2A7B621B4B15CB951B /* Resources */ = {
			isa = PBXGroup;
			children = (
				245692EB34327F73237AC38C /* Animations */,
				750754890CF37FE05FFC4A51 /* Fonts */,
				38F4F0E19596BB906ECD9F56 /* Localizable.xcstrings */,
				77B7233EFB24FF4164AD5868 /* turkish_food_reference.json */,
			);
			path = Resources;
			sourceTree = "<group>";
		};
		D32B4D7524BD8E7D7EB5ACD9 /* Products */ = {
			isa = PBXGroup;
			children = (
				892C01800CA17DFCF8A14D57 /* Calorisor.app */,
				E201E94BC95515BDB49EAD5C /* CalorisorTests.xctest */,
				FE65ADFCEFBC7F7AF31AC656 /* CalorisorWidgetExtension.appex */,
			);
			name = Products;
			sourceTree = "<group>";
		};
		D7CAF33FCC1A047827E2BD15 /* Analysis */ = {
			isa = PBXGroup;
			children = (
				FBBA5506EB73D98116695157 /* AnalysisOverlay.swift */,
			);
			path = Analysis;
			sourceTree = "<group>";
		};
/* End PBXGroup section */

/* Begin PBXNativeTarget section */
		A191CD2DA22A45FBA49376D3 /* Calorisor */ = {
			isa = PBXNativeTarget;
			buildConfigurationList = 095B74051365EA50B8AE08F5 /* Build configuration list for PBXNativeTarget "Calorisor" */;
			buildPhases = (
				7506FC36376C116C0927FB4E /* Sources */,
				F8BA5108D8764914950BFC0B /* Resources */,
				8A2859CDEE5FF23629E680E6 /* Frameworks */,
				8D409728BE0F350B98E06A8E /* Embed Foundation Extensions */,
			);
			buildRules = (
			);
			dependencies = (
				7006AE320B36C62D82555AD6 /* PBXTargetDependency */,
			);
			name = Calorisor;
			packageProductDependencies = (
				3F79EB464C595D152F23850B /* Pow */,
				44D3F69D0EFE23D522201CF8 /* Lottie */,
			);
			productName = Calorisor;
			productReference = 892C01800CA17DFCF8A14D57 /* Calorisor.app */;
			productType = "com.apple.product-type.application";
		};
		A3111679785C015B1CD0DAA1 /* CalorisorWidgetExtension */ = {
			isa = PBXNativeTarget;
			buildConfigurationList = 99ABEEB80CD4A12CDCB634EB /* Build configuration list for PBXNativeTarget "CalorisorWidgetExtension" */;
			buildPhases = (
				E35CF11DFA25777E895715BA /* Sources */,
				566CB40A9269AD29B35C8C7B /* Resources */,
			);
			buildRules = (
			);
			dependencies = (
			);
			name = CalorisorWidgetExtension;
			packageProductDependencies = (
			);
			productName = CalorisorWidgetExtension;
			productReference = FE65ADFCEFBC7F7AF31AC656 /* CalorisorWidgetExtension.appex */;
			productType = "com.apple.product-type.app-extension";
		};
		D5352B9CD14941C03D5A9131 /* CalorisorTests */ = {
			isa = PBXNativeTarget;
			buildConfigurationList = 27BBCAD4077C1292CFACAC86 /* Build configuration list for PBXNativeTarget "CalorisorTests" */;
			buildPhases = (
				3C131F16F7FFA3ED2121EF7A /* Sources */,
			);
			buildRules = (
			);
			dependencies = (
				37E3A7DD351E480424036DD3 /* PBXTargetDependency */,
			);
			name = CalorisorTests;
			packageProductDependencies = (
			);
			productName = CalorisorTests;
			productReference = E201E94BC95515BDB49EAD5C /* CalorisorTests.xctest */;
			productType = "com.apple.product-type.bundle.unit-test";
		};
/* End PBXNativeTarget section */

/* Begin PBXProject section */
		DFDADA4ECDD4A41E0F8CE035 /* Project object */ = {
			isa = PBXProject;
			attributes = {
				BuildIndependentTargetsInParallel = YES;
				LastUpgradeCheck = 1430;
				TargetAttributes = {
					A191CD2DA22A45FBA49376D3 = {
						DevelopmentTeam = 8XPP7Z37GF;
						ProvisioningStyle = Automatic;
					};
					A3111679785C015B1CD0DAA1 = {
						DevelopmentTeam = 8XPP7Z37GF;
						ProvisioningStyle = Automatic;
					};
					D5352B9CD14941C03D5A9131 = {
						DevelopmentTeam = 8XPP7Z37GF;
					};
				};
			};
			buildConfigurationList = 0F5FD89E1FA5862961ADC947 /* Build configuration list for PBXProject "Calorisor" */;
			developmentRegion = tr;
			hasScannedForEncodings = 0;
			knownRegions = (
				Base,
				en,
				tr,
			);
			mainGroup = CF0B31D1C432C67F606D605E;
			minimizedProjectReferenceProxies = 1;
			packageReferences = (
				F42E918E897A66628CF05856 /* XCRemoteSwiftPackageReference "lottie-spm" */,
				278940742F2A806C1F5FB2B4 /* XCRemoteSwiftPackageReference "Pow" */,
			);
			preferredProjectObjectVersion = 77;
			productRefGroup = D32B4D7524BD8E7D7EB5ACD9 /* Products */;
			projectDirPath = "";
			projectRoot = "";
			targets = (
				A191CD2DA22A45FBA49376D3 /* Calorisor */,
				D5352B9CD14941C03D5A9131 /* CalorisorTests */,
				A3111679785C015B1CD0DAA1 /* CalorisorWidgetExtension */,
			);
		};
/* End PBXProject section */

/* Begin PBXResourcesBuildPhase section */
		566CB40A9269AD29B35C8C7B /* Resources */ = {
			isa = PBXResourcesBuildPhase;
			buildActionMask = 2147483647;
			files = (
				0D0A919939F5373A1BFBD533 /* Assets.xcassets in Resources */,
				1D253F8EAEAC95E1B55E6774 /* InfoPlist.strings in Resources */,
			);
			runOnlyForDeploymentPostprocessing = 0;
		};
		F8BA5108D8764914950BFC0B /* Resources */ = {
			isa = PBXResourcesBuildPhase;
			buildActionMask = 2147483647;
			files = (
				5CDF4A949CD644AEFECBB9A9 /* Assets.xcassets in Resources */,
				EB437655F1A5236524F60C4E /* Geist-Medium.otf in Resources */,
				620D62438F3FCFE58CA0D1BF /* Geist-Regular.otf in Resources */,
				B6C56829FB835E9AD0DD5D2E /* Geist-SemiBold.otf in Resources */,
				DBB3140AEACC468EBF18A507 /* GeistMono-Medium.otf in Resources */,
				86D6F1186D5EA0767A20B8C5 /* GeistMono-Regular.otf in Resources */,
				50F29D91FAE99A9C0FCBEC30 /* InfoPlist.strings in Resources */,
				3251EC2BEC5E2989709A75FC /* Localizable.xcstrings in Resources */,
				D08B477DE2C82D570D95AA9D /* Products.storekit in Resources */,
				1DEE5EB1457306C440181C89 /* turkish_food_reference.json in Resources */,
			);
			runOnlyForDeploymentPostprocessing = 0;
		};
/* End PBXResourcesBuildPhase section */

/* Begin PBXSourcesBuildPhase section */
		3C131F16F7FFA3ED2121EF7A /* Sources */ = {
			isa = PBXSourcesBuildPhase;
			buildActionMask = 2147483647;
			files = (
				527B35211556C8B3758BA9CE /* AIProxyClientErrorTests.swift in Sources */,
				B03FF078F3D309F69712EAC5 /* AIProxyClientTests.swift in Sources */,
				0AE34414AD49CABC00BE4941 /* AIProxyRequestTests.swift in Sources */,
				4D1DE254B3AEFA6732BA5ABD /* BreadReferenceTests.swift in Sources */,
				1DA7406FC6EE2B0CE2A8AA5A /* CalorieRingViewTests.swift in Sources */,
				E6AD43DD8A1D85656EDDEC1B /* CalorisorIconRenderTests.swift in Sources */,
				C94EACBB25DF698ABD1226A0 /* DataExporterTests.swift in Sources */,
				DD7E30BFEEA573BB0801EBDF /* DaySummaryBuilderTests.swift in Sources */,
				94DE47CB24FDA7683F2D0A97 /* FoodReferenceReconcilerTests.swift in Sources */,
				3828C395523EB59D6136A686 /* FreeScanCounterTests.swift in Sources */,
				C937844343A5BBC4E8E5FEB2 /* FrequentMealsBuilderTests.swift in Sources */,
				8FEECFC6E7775D27B3DEEA89 /* HealthKitManagerTests.swift in Sources */,
				06C28A8B18B90AAD10C0CC8E /* HealthKitWeightTrendBuilderTests.swift in Sources */,
				B16403C34CFC241F2C7277F5 /* HistoryDaySummaryBuilderTests.swift in Sources */,
				E17D91CEFF75904926060CF3 /* ImageDownscalerTests.swift in Sources */,
				02A997C493742DB259429542 /* InstallationIdentityTests.swift in Sources */,
				5CEE957BD67722D42E898FC5 /* MealSpeechRecognizerTests.swift in Sources */,
				944921502320EA0453ECF138 /* NotificationPrefsTests.swift in Sources */,
				75047AF23A3D85DE0BA82719 /* NutritionCalculatorTests.swift in Sources */,
				00F7878C70C308E89AE723C8 /* PortionRecalculationTests.swift in Sources */,
				41D23A0B1C8E770C4CC8E8AF /* RawAIResponseTests.swift in Sources */,
				3B4DD2A1BE2022E375437DCB /* ReconcilerNegativeTests.swift in Sources */,
				82AF13000255959D7BC44DC9 /* ReferenceReconcilerTests.swift in Sources */,
				CC6AADE1E630A0BB10A6154A /* RenameReconciliationTests.swift in Sources */,
				359E691C7CA3CC411A975B81 /* TextLogInputPolicyTests.swift in Sources */,
				D432662D90861A5C4DE6224B /* UserDataDeletionTests.swift in Sources */,
				BCAC463215E5244EB8CB92B6 /* UserProfileRecomputeTests.swift in Sources */,
				91F0978BD4FB7F473672647C /* VisionResponseValidatorTests.swift in Sources */,
				6562A41FE5DEC894423EFD6A /* WidgetDailySummaryTests.swift in Sources */,
			);
			runOnlyForDeploymentPostprocessing = 0;
		};
		7506FC36376C116C0927FB4E /* Sources */ = {
			isa = PBXSourcesBuildPhase;
			buildActionMask = 2147483647;
			files = (
				973E5ACAB8A73B8AC3DCE0AC /* AIProxyClient.swift in Sources */,
				4BB5A8BA29EA0529627E22E3 /* AnalysisOverlay.swift in Sources */,
				56330AC7CE5A3ACEFBBBA01F /* AppLanguage.swift in Sources */,
				52C01FAD0ECE4A05074BE077 /* CalorieRingView.swift in Sources */,
				705A23177B0A105A0D38245E /* CalorisorApp.swift in Sources */,
				772203ABFB28E65B104555B5 /* CalorisorFormatters.swift in Sources */,
				4AEA5074972A6D1D7F0B0A3D /* CalorisorIcon.swift in Sources */,
				6C0C3A7640E71F3A963DA534 /* CalorisorLottieView.swift in Sources */,
				71A6A2DB0E5D3356F809EC27 /* CalorisorModelContainer.swift in Sources */,
				1D6E3ADE91B10E3ACCB54896 /* CameraView.swift in Sources */,
				398182663FD229E903BAF4B4 /* CategorySlugMap.swift in Sources */,
				79F38C14420C0E2C54B2CE5E /* Color+Tokens.swift in Sources */,
				FE473A573566D64AA2E27602 /* ContentView.swift in Sources */,
				DFF3E9A2AF472E1F2CCD6B1B /* DailyQuickCounter.swift in Sources */,
				769442EB0CA07A127A1FF295 /* DailyView.swift in Sources */,
				59DCC85027D6598642556A84 /* DataExporter.swift in Sources */,
				8A71C748C5FDB2199F43BC48 /* DayDetailView.swift in Sources */,
				C262C7CD3E3273521DD1CB7D /* DaySummaryBuilder.swift in Sources */,
				3BF881297BFE3620993A285C /* Font+Tokens.swift in Sources */,
				5888B5DC3D758F17573F97B2 /* FoodReference.swift in Sources */,
				001E4CBDE943ECF01C255CE1 /* FreeScanCounter.swift in Sources */,
				C281FE61B3BD11981443FF5A /* FrequentMealsBuilder.swift in Sources */,
				98C1432070956FB356DAEA68 /* HealthKitManager.swift in Sources */,
				7BDFE1A2536D7CFEA99CCE25 /* HealthKitWeightTrendBuilder.swift in Sources */,
				7074C3F697E8D480D5021ACA /* HistoryView.swift in Sources */,
				2118432E37E742A0347AD94B /* InstallationIdentity.swift in Sources */,
				E41F4454AA923268CA26623D /* Layout.swift in Sources */,
				DC1D1E8E76501FE4F9E86A0E /* LogButton.swift in Sources */,
				DED18F140381A429E4179A8C /* LogMealIntent.swift in Sources */,
				1C62793DD0934BEA51D0D723 /* LoggedItem.swift in Sources */,
				97F302F921D64DF81BDF741F /* MealReminderService.swift in Sources */,
				B6AFDEE2316106B87B08B7E5 /* Motion+Patterns.swift in Sources */,
				C80343453E51EE8A48B28F93 /* NavigationModel.swift in Sources */,
				A9D6A7FB2F3C1F4E24FFC244 /* NutritionCalculator.swift in Sources */,
				4C79FADDCDC635AF917F52D4 /* NutritionConstants.swift in Sources */,
				4E25FCA13BCD07103DA2B98C /* OnboardingModel.swift in Sources */,
				F42741E7D69A74C4776737AF /* OnboardingView.swift in Sources */,
				C429A56FF65FD2C2F7AC6620 /* PaywallView.swift in Sources */,
				FCF6076CBC79FE0764A18C4C /* PortionUnit.swift in Sources */,
				FF7AF784FEED15402298E6E5 /* QuickCounterView.swift in Sources */,
				F112F28C9BF7C83152FE11A9 /* ReferenceReconciler.swift in Sources */,
				A077F31F8ECBBAD139BDAF4D /* ResultItemCard.swift in Sources */,
				74F2E287AE03E6433758485C /* ResultView.swift in Sources */,
				1F705EDD3ECDF475F28D6FDD /* ScanEntry.swift in Sources */,
				1824DAA37770D49E1BB94EBD /* SevenDaySummaryView.swift in Sources */,
				B5AD679073A1E4001C5B67A5 /* StoreKitManager.swift in Sources */,
				6D450F4F725E9162DC57CC61 /* String+TurkishNormalize.swift in Sources */,
				C00412DFB99FE93F95C05AAD /* Surfaces.swift in Sources */,
				C1222BA624C0486701B1891D /* TextLogView.swift in Sources */,
				774A3774249812C659CD45E9 /* TurkishFoodReference.swift in Sources */,
				14CA6792581DF91D6FA97021 /* UserProfile.swift in Sources */,
				005AEC57DF0EBAD932CFA338 /* VisionResponse.swift in Sources */,
				64B7DFBD3FF8B6125B4679A5 /* VisionResponseValidator.swift in Sources */,
				E7C18522ACCF93CE490DC1D7 /* WeightTrendView.swift in Sources */,
				CFE650B24AC2838386E12137 /* WidgetDailySummary.swift in Sources */,
				0C690FDC2D1B097432BA4170 /* WidgetDataStore+MainApp.swift in Sources */,
				8CB6A114EFD2596DE465C9E9 /* WidgetDataStore.swift in Sources */,
			);
			runOnlyForDeploymentPostprocessing = 0;
		};
		E35CF11DFA25777E895715BA /* Sources */ = {
			isa = PBXSourcesBuildPhase;
			buildActionMask = 2147483647;
			files = (
				E00EADE2BAEC39B2D4DFB33F /* CalorisorWidget.swift in Sources */,
				C981FF7CA1FFF8E139417CDD /* Color+Widget.swift in Sources */,
				C9F2381E168595BF251090E3 /* Font+Widget.swift in Sources */,
				177B3D6E63C7D683C0513E3E /* Provider.swift in Sources */,
				300A471CCE30341789425016 /* WidgetDailySummary.swift in Sources */,
				0DF1DE50CFA8F9D1A7A60401 /* WidgetDataStore.swift in Sources */,
				41ED153DDB20D420A0C8441E /* WidgetEntryView.swift in Sources */,
			);
			runOnlyForDeploymentPostprocessing = 0;
		};
/* End PBXSourcesBuildPhase section */

/* Begin PBXTargetDependency section */
		37E3A7DD351E480424036DD3 /* PBXTargetDependency */ = {
			isa = PBXTargetDependency;
			target = A191CD2DA22A45FBA49376D3 /* Calorisor */;
			targetProxy = E1DBDC088250DD81C309E5AB /* PBXContainerItemProxy */;
		};
		7006AE320B36C62D82555AD6 /* PBXTargetDependency */ = {
			isa = PBXTargetDependency;
			target = A3111679785C015B1CD0DAA1 /* CalorisorWidgetExtension */;
			targetProxy = 09558D7DFB81770028AF465B /* PBXContainerItemProxy */;
		};
/* End PBXTargetDependency section */

/* Begin PBXVariantGroup section */
		20FC66520FD08AAC6130C1C7 /* InfoPlist.strings */ = {
			isa = PBXVariantGroup;
			children = (
				E7A279FCFE77D1B29C731670 /* en */,
				F4732C6D43064C0E1C0C5F38 /* tr */,
			);
			name = InfoPlist.strings;
			sourceTree = "<group>";
		};
		7B178695AC984F294A40936D /* InfoPlist.strings */ = {
			isa = PBXVariantGroup;
			children = (
				C925C0CBD7ED7A4DEBF87B7D /* en */,
				BBE22C67D6A4050C38267F06 /* tr */,
			);
			name = InfoPlist.strings;
			sourceTree = "<group>";
		};
/* End PBXVariantGroup section */

/* Begin XCBuildConfiguration section */
		2654E3B885621DCB52EFD869 /* Debug */ = {
			isa = XCBuildConfiguration;
			buildSettings = {
				BUNDLE_LOADER = "$(TEST_HOST)";
				GENERATE_INFOPLIST_FILE = YES;
				IPHONEOS_DEPLOYMENT_TARGET = 17.0;
				LD_RUNPATH_SEARCH_PATHS = (
					"$(inherited)",
					"@executable_path/Frameworks",
					"@loader_path/Frameworks",
				);
				PRODUCT_BUNDLE_IDENTIFIER = com.fatih.calorisor.tests;
				SDKROOT = iphoneos;
				TARGETED_DEVICE_FAMILY = 1;
				TEST_HOST = "$(BUILT_PRODUCTS_DIR)/Calorisor.app/Calorisor";
			};
			name = Debug;
		};
		445EBBA694EA7D359703EE10 /* Debug */ = {
			isa = XCBuildConfiguration;
			buildSettings = {
				ASSETCATALOG_COMPILER_APPICON_NAME = AppIcon;
				CODE_SIGN_ENTITLEMENTS = CalorisorWidget/CalorisorWidget.entitlements;
				CODE_SIGN_STYLE = Automatic;
				GENERATE_INFOPLIST_FILE = NO;
				INFOPLIST_FILE = CalorisorWidget/Info.plist;
				IPHONEOS_DEPLOYMENT_TARGET = 17.0;
				LD_RUNPATH_SEARCH_PATHS = (
					"$(inherited)",
					"@executable_path/Frameworks",
					"@executable_path/../../Frameworks",
				);
				PRODUCT_BUNDLE_IDENTIFIER = com.fatih.calorisor.widget;
				PRODUCT_NAME = "Calorisor Widget";
				SDKROOT = iphoneos;
				TARGETED_DEVICE_FAMILY = 1;
			};
			name = Debug;
		};
		52D3294BCACA629D0791D48E /* Debug */ = {
			isa = XCBuildConfiguration;
			buildSettings = {
				ALWAYS_SEARCH_USER_PATHS = NO;
				CLANG_ANALYZER_NONNULL = YES;
				CLANG_ANALYZER_NUMBER_OBJECT_CONVERSION = YES_AGGRESSIVE;
				CLANG_CXX_LANGUAGE_STANDARD = "gnu++14";
				CLANG_CXX_LIBRARY = "libc++";
				CLANG_ENABLE_MODULES = YES;
				CLANG_ENABLE_OBJC_ARC = YES;
				CLANG_ENABLE_OBJC_WEAK = YES;
				CLANG_WARN_BLOCK_CAPTURE_AUTORELEASING = YES;
				CLANG_WARN_BOOL_CONVERSION = YES;
				CLANG_WARN_COMMA = YES;
				CLANG_WARN_CONSTANT_CONVERSION = YES;
				CLANG_WARN_DEPRECATED_OBJC_IMPLEMENTATIONS = YES;
				CLANG_WARN_DIRECT_OBJC_ISA_USAGE = YES_ERROR;
				CLANG_WARN_DOCUMENTATION_COMMENTS = YES;
				CLANG_WARN_EMPTY_BODY = YES;
				CLANG_WARN_ENUM_CONVERSION = YES;
				CLANG_WARN_INFINITE_RECURSION = YES;
				CLANG_WARN_INT_CONVERSION = YES;
				CLANG_WARN_NON_LITERAL_NULL_CONVERSION = YES;
				CLANG_WARN_OBJC_IMPLICIT_RETAIN_SELF = YES;
				CLANG_WARN_OBJC_LITERAL_CONVERSION = YES;
				CLANG_WARN_OBJC_ROOT_CLASS = YES_ERROR;
				CLANG_WARN_QUOTED_INCLUDE_IN_FRAMEWORK_HEADER = YES;
				CLANG_WARN_RANGE_LOOP_ANALYSIS = YES;
				CLANG_WARN_STRICT_PROTOTYPES = YES;
				CLANG_WARN_SUSPICIOUS_MOVE = YES;
				CLANG_WARN_UNGUARDED_AVAILABILITY = YES_AGGRESSIVE;
				CLANG_WARN_UNREACHABLE_CODE = YES;
				CLANG_WARN__DUPLICATE_METHOD_MATCH = YES;
				COPY_PHASE_STRIP = NO;
				CURRENT_PROJECT_VERSION = 1;
				DEBUG_INFORMATION_FORMAT = dwarf;
				DEVELOPMENT_TEAM = 8XPP7Z37GF;
				ENABLE_STRICT_OBJC_MSGSEND = YES;
				ENABLE_TESTABILITY = YES;
				ENABLE_USER_SCRIPT_SANDBOXING = YES;
				GCC_C_LANGUAGE_STANDARD = gnu11;
				GCC_DYNAMIC_NO_PIC = NO;
				GCC_NO_COMMON_BLOCKS = YES;
				GCC_OPTIMIZATION_LEVEL = 0;
				GCC_PREPROCESSOR_DEFINITIONS = (
					"$(inherited)",
					"DEBUG=1",
				);
				GCC_WARN_64_TO_32_BIT_CONVERSION = YES;
				GCC_WARN_ABOUT_RETURN_TYPE = YES_ERROR;
				GCC_WARN_UNDECLARED_SELECTOR = YES;
				GCC_WARN_UNINITIALIZED_AUTOS = YES_AGGRESSIVE;
				GCC_WARN_UNUSED_FUNCTION = YES;
				GCC_WARN_UNUSED_VARIABLE = YES;
				IPHONEOS_DEPLOYMENT_TARGET = 17.0;
				MARKETING_VERSION = 1.0.0;
				MTL_ENABLE_DEBUG_INFO = INCLUDE_SOURCE;
				MTL_FAST_MATH = YES;
				ONLY_ACTIVE_ARCH = YES;
				PRODUCT_NAME = "$(TARGET_NAME)";
				SDKROOT = iphoneos;
				SWIFT_ACTIVE_COMPILATION_CONDITIONS = DEBUG;
				SWIFT_EMIT_LOC_STRINGS = YES;
				SWIFT_OPTIMIZATION_LEVEL = "-Onone";
				SWIFT_VERSION = 5.0;
			};
			name = Debug;
		};
		728E26CDECDD613208EE8A0D /* Debug */ = {
			isa = XCBuildConfiguration;
			buildSettings = {
				ASSETCATALOG_COMPILER_APPICON_NAME = AppIcon;
				ASSETCATALOG_COMPILER_GLOBAL_ACCENT_COLOR_NAME = AccentColor;
				CODE_SIGN_ENTITLEMENTS = Calorisor/Calorisor.entitlements;
				CODE_SIGN_IDENTITY = "iPhone Developer";
				CODE_SIGN_STYLE = Automatic;
				ENABLE_PREVIEWS = YES;
				GENERATE_INFOPLIST_FILE = NO;
				INFOPLIST_FILE = Calorisor/Info.plist;
				INFOPLIST_KEY_NSHealthShareUsageDescription = "Calorisor reads weight, height, active energy, and steps to personalize your nutrition view.";
				INFOPLIST_KEY_NSHealthUpdateUsageDescription = "Calorisor writes meal calories and macros to Health.";
				IPHONEOS_DEPLOYMENT_TARGET = 17.0;
				LD_RUNPATH_SEARCH_PATHS = (
					"$(inherited)",
					"@executable_path/Frameworks",
				);
				PRODUCT_BUNDLE_IDENTIFIER = com.fatih.calorisor;
				PRODUCT_NAME = Calorisor;
				SDKROOT = iphoneos;
				TARGETED_DEVICE_FAMILY = 1;
			};
			name = Debug;
		};
		8212575732804A15E2E3B61C /* Release */ = {
			isa = XCBuildConfiguration;
			buildSettings = {
				ASSETCATALOG_COMPILER_APPICON_NAME = AppIcon;
				CODE_SIGN_ENTITLEMENTS = CalorisorWidget/CalorisorWidget.entitlements;
				CODE_SIGN_STYLE = Automatic;
				GENERATE_INFOPLIST_FILE = NO;
				INFOPLIST_FILE = CalorisorWidget/Info.plist;
				IPHONEOS_DEPLOYMENT_TARGET = 17.0;
				LD_RUNPATH_SEARCH_PATHS = (
					"$(inherited)",
					"@executable_path/Frameworks",
					"@executable_path/../../Frameworks",
				);
				PRODUCT_BUNDLE_IDENTIFIER = com.fatih.calorisor.widget;
				PRODUCT_NAME = "Calorisor Widget";
				SDKROOT = iphoneos;
				TARGETED_DEVICE_FAMILY = 1;
			};
			name = Release;
		};
		DA4040CE8BEFC36CD617D8F7 /* Release */ = {
			isa = XCBuildConfiguration;
			buildSettings = {
				ASSETCATALOG_COMPILER_APPICON_NAME = AppIcon;
				ASSETCATALOG_COMPILER_GLOBAL_ACCENT_COLOR_NAME = AccentColor;
				CODE_SIGN_ENTITLEMENTS = Calorisor/Calorisor.entitlements;
				CODE_SIGN_IDENTITY = "iPhone Developer";
				CODE_SIGN_STYLE = Automatic;
				ENABLE_PREVIEWS = YES;
				GENERATE_INFOPLIST_FILE = NO;
				INFOPLIST_FILE = Calorisor/Info.plist;
				INFOPLIST_KEY_NSHealthShareUsageDescription = "Calorisor reads weight, height, active energy, and steps to personalize your nutrition view.";
				INFOPLIST_KEY_NSHealthUpdateUsageDescription = "Calorisor writes meal calories and macros to Health.";
				IPHONEOS_DEPLOYMENT_TARGET = 17.0;
				LD_RUNPATH_SEARCH_PATHS = (
					"$(inherited)",
					"@executable_path/Frameworks",
				);
				PRODUCT_BUNDLE_IDENTIFIER = com.fatih.calorisor;
				PRODUCT_NAME = Calorisor;
				SDKROOT = iphoneos;
				TARGETED_DEVICE_FAMILY = 1;
			};
			name = Release;
		};
		FB3AAB0A6F3C350D028A413D /* Release */ = {
			isa = XCBuildConfiguration;
			buildSettings = {
				BUNDLE_LOADER = "$(TEST_HOST)";
				GENERATE_INFOPLIST_FILE = YES;
				IPHONEOS_DEPLOYMENT_TARGET = 17.0;
				LD_RUNPATH_SEARCH_PATHS = (
					"$(inherited)",
					"@executable_path/Frameworks",
					"@loader_path/Frameworks",
				);
				PRODUCT_BUNDLE_IDENTIFIER = com.fatih.calorisor.tests;
				SDKROOT = iphoneos;
				TARGETED_DEVICE_FAMILY = 1;
				TEST_HOST = "$(BUILT_PRODUCTS_DIR)/Calorisor.app/Calorisor";
			};
			name = Release;
		};
		FBDDDC88E3397DB9B77A3E99 /* Release */ = {
			isa = XCBuildConfiguration;
			buildSettings = {
				ALWAYS_SEARCH_USER_PATHS = NO;
				CLANG_ANALYZER_NONNULL = YES;
				CLANG_ANALYZER_NUMBER_OBJECT_CONVERSION = YES_AGGRESSIVE;
				CLANG_CXX_LANGUAGE_STANDARD = "gnu++14";
				CLANG_CXX_LIBRARY = "libc++";
				CLANG_ENABLE_MODULES = YES;
				CLANG_ENABLE_OBJC_ARC = YES;
				CLANG_ENABLE_OBJC_WEAK = YES;
				CLANG_WARN_BLOCK_CAPTURE_AUTORELEASING = YES;
				CLANG_WARN_BOOL_CONVERSION = YES;
				CLANG_WARN_COMMA = YES;
				CLANG_WARN_CONSTANT_CONVERSION = YES;
				CLANG_WARN_DEPRECATED_OBJC_IMPLEMENTATIONS = YES;
				CLANG_WARN_DIRECT_OBJC_ISA_USAGE = YES_ERROR;
				CLANG_WARN_DOCUMENTATION_COMMENTS = YES;
				CLANG_WARN_EMPTY_BODY = YES;
				CLANG_WARN_ENUM_CONVERSION = YES;
				CLANG_WARN_INFINITE_RECURSION = YES;
				CLANG_WARN_INT_CONVERSION = YES;
				CLANG_WARN_NON_LITERAL_NULL_CONVERSION = YES;
				CLANG_WARN_OBJC_IMPLICIT_RETAIN_SELF = YES;
				CLANG_WARN_OBJC_LITERAL_CONVERSION = YES;
				CLANG_WARN_OBJC_ROOT_CLASS = YES_ERROR;
				CLANG_WARN_QUOTED_INCLUDE_IN_FRAMEWORK_HEADER = YES;
				CLANG_WARN_RANGE_LOOP_ANALYSIS = YES;
				CLANG_WARN_STRICT_PROTOTYPES = YES;
				CLANG_WARN_SUSPICIOUS_MOVE = YES;
				CLANG_WARN_UNGUARDED_AVAILABILITY = YES_AGGRESSIVE;
				CLANG_WARN_UNREACHABLE_CODE = YES;
				CLANG_WARN__DUPLICATE_METHOD_MATCH = YES;
				COPY_PHASE_STRIP = NO;
				CURRENT_PROJECT_VERSION = 1;
				DEBUG_INFORMATION_FORMAT = "dwarf-with-dsym";
				DEVELOPMENT_TEAM = 8XPP7Z37GF;
				ENABLE_NS_ASSERTIONS = NO;
				ENABLE_STRICT_OBJC_MSGSEND = YES;
				ENABLE_USER_SCRIPT_SANDBOXING = YES;
				GCC_C_LANGUAGE_STANDARD = gnu11;
				GCC_NO_COMMON_BLOCKS = YES;
				GCC_WARN_64_TO_32_BIT_CONVERSION = YES;
				GCC_WARN_ABOUT_RETURN_TYPE = YES_ERROR;
				GCC_WARN_UNDECLARED_SELECTOR = YES;
				GCC_WARN_UNINITIALIZED_AUTOS = YES_AGGRESSIVE;
				GCC_WARN_UNUSED_FUNCTION = YES;
				GCC_WARN_UNUSED_VARIABLE = YES;
				IPHONEOS_DEPLOYMENT_TARGET = 17.0;
				MARKETING_VERSION = 1.0.0;
				MTL_ENABLE_DEBUG_INFO = NO;
				MTL_FAST_MATH = YES;
				PRODUCT_NAME = "$(TARGET_NAME)";
				SDKROOT = iphoneos;
				SWIFT_COMPILATION_MODE = wholemodule;
				SWIFT_EMIT_LOC_STRINGS = YES;
				SWIFT_OPTIMIZATION_LEVEL = "-O";
				SWIFT_VERSION = 5.0;
			};
			name = Release;
		};
/* End XCBuildConfiguration section */

/* Begin XCConfigurationList section */
		095B74051365EA50B8AE08F5 /* Build configuration list for PBXNativeTarget "Calorisor" */ = {
			isa = XCConfigurationList;
			buildConfigurations = (
				728E26CDECDD613208EE8A0D /* Debug */,
				DA4040CE8BEFC36CD617D8F7 /* Release */,
			);
			defaultConfigurationIsVisible = 0;
			defaultConfigurationName = Debug;
		};
		0F5FD89E1FA5862961ADC947 /* Build configuration list for PBXProject "Calorisor" */ = {
			isa = XCConfigurationList;
			buildConfigurations = (
				52D3294BCACA629D0791D48E /* Debug */,
				FBDDDC88E3397DB9B77A3E99 /* Release */,
			);
			defaultConfigurationIsVisible = 0;
			defaultConfigurationName = Debug;
		};
		27BBCAD4077C1292CFACAC86 /* Build configuration list for PBXNativeTarget "CalorisorTests" */ = {
			isa = XCConfigurationList;
			buildConfigurations = (
				2654E3B885621DCB52EFD869 /* Debug */,
				FB3AAB0A6F3C350D028A413D /* Release */,
			);
			defaultConfigurationIsVisible = 0;
			defaultConfigurationName = Debug;
		};
		99ABEEB80CD4A12CDCB634EB /* Build configuration list for PBXNativeTarget "CalorisorWidgetExtension" */ = {
			isa = XCConfigurationList;
			buildConfigurations = (
				445EBBA694EA7D359703EE10 /* Debug */,
				8212575732804A15E2E3B61C /* Release */,
			);
			defaultConfigurationIsVisible = 0;
			defaultConfigurationName = Debug;
		};
/* End XCConfigurationList section */

/* Begin XCRemoteSwiftPackageReference section */
		278940742F2A806C1F5FB2B4 /* XCRemoteSwiftPackageReference "Pow" */ = {
			isa = XCRemoteSwiftPackageReference;
			repositoryURL = "https://github.com/EmergeTools/Pow";
			requirement = {
				kind = upToNextMajorVersion;
				minimumVersion = 1.0.5;
			};
		};
		F42E918E897A66628CF05856 /* XCRemoteSwiftPackageReference "lottie-spm" */ = {
			isa = XCRemoteSwiftPackageReference;
			repositoryURL = "https://github.com/airbnb/lottie-spm.git";
			requirement = {
				branch = main;
				kind = branch;
			};
		};
/* End XCRemoteSwiftPackageReference section */

/* Begin XCSwiftPackageProductDependency section */
		3F79EB464C595D152F23850B /* Pow */ = {
			isa = XCSwiftPackageProductDependency;
			package = 278940742F2A806C1F5FB2B4 /* XCRemoteSwiftPackageReference "Pow" */;
			productName = Pow;
		};
		44D3F69D0EFE23D522201CF8 /* Lottie */ = {
			isa = XCSwiftPackageProductDependency;
			package = F42E918E897A66628CF05856 /* XCRemoteSwiftPackageReference "lottie-spm" */;
			productName = Lottie;
		};
/* End XCSwiftPackageProductDependency section */
	};
	rootObject = DFDADA4ECDD4A41E0F8CE035 /* Project object */;
}
