// !$*UTF8*$!
{
	archiveVersion = 1;
	classes = {
	};
	objectVersion = 77;
	objects = {

/* Begin PBXBuildFile section */
		0157ABF651A922D23B8CC571 /* GeistMono-Medium.otf in Resources */ = {isa = PBXBuildFile; fileRef = 83E136C81E00E88F23205CD9 /* GeistMono-Medium.otf */; };
		05B879A966638B877A1299BB /* DayDetailView.swift in Sources */ = {isa = PBXBuildFile; fileRef = 0ABD36F99BF9F15BC3DA0299 /* DayDetailView.swift */; };
		08C902A05C178611CD8BA616 /* CalorisorWidget.swift in Sources */ = {isa = PBXBuildFile; fileRef = 88B088DADDCE77DB0C23F66F /* CalorisorWidget.swift */; };
		0AF6FEBF2EC509B74055940C /* SevenDaySummaryView.swift in Sources */ = {isa = PBXBuildFile; fileRef = FB7E294B7CA4C6699C4ECCD5 /* SevenDaySummaryView.swift */; };
		0B26A1FF638EC60D429667C8 /* DailyQuickCounter.swift in Sources */ = {isa = PBXBuildFile; fileRef = 4C0922CC61DD4E4D87BAB267 /* DailyQuickCounter.swift */; };
		10D9BE4519BDC183EE6F68DB /* Geist-Regular.otf in Resources */ = {isa = PBXBuildFile; fileRef = 58EB71386FCB3BB93B36C4C4 /* Geist-Regular.otf */; };
		10EF0386BBB0E51156143FA2 /* InfoPlist.strings in Resources */ = {isa = PBXBuildFile; fileRef = AF33938C2AF7067CEA9AA9B1 /* InfoPlist.strings */; };
		12C83ADD5BA0F41D92C7F727 /* AIProxyRequestTests.swift in Sources */ = {isa = PBXBuildFile; fileRef = E7E779E8983043AC16D6FE8E /* AIProxyRequestTests.swift */; };
		13174B0AC06670CF9856F448 /* Assets.xcassets in Resources */ = {isa = PBXBuildFile; fileRef = 3E5CBAF7ABEBAABE517685BE /* Assets.xcassets */; };
		167C3B3F92326E1DBBC4386C /* NutritionConstants.swift in Sources */ = {isa = PBXBuildFile; fileRef = FDE2D0B35958358EB63D7560 /* NutritionConstants.swift */; };
		16CAC471A7E6379E5E613E2F /* WidgetDataStore+MainApp.swift in Sources */ = {isa = PBXBuildFile; fileRef = F147E274CA44406942ADF2E8 /* WidgetDataStore+MainApp.swift */; };
		1AC10C749A301E96B8BFC648 /* DataExporter.swift in Sources */ = {isa = PBXBuildFile; fileRef = 889BD89F90EF087B95CE8499 /* DataExporter.swift */; };
		1E934699D7DE2C736F1B2C92 /* VisionResponseValidator.swift in Sources */ = {isa = PBXBuildFile; fileRef = 3B9A8C2BECC7C56922DC9D38 /* VisionResponseValidator.swift */; };
		1F353A3C82D8E6BE17C7D1CC /* DaySummaryBuilder.swift in Sources */ = {isa = PBXBuildFile; fileRef = 9601C724990AFBFD75EDD21E /* DaySummaryBuilder.swift */; };
		204E17A79BDD63ECE8EBE3F3 /* ReconcilerNegativeTests.swift in Sources */ = {isa = PBXBuildFile; fileRef = CB00F92C537B260370B739B5 /* ReconcilerNegativeTests.swift */; };
		268FCD0C0F4E1AF5583E7C5F /* LoggedItem.swift in Sources */ = {isa = PBXBuildFile; fileRef = D959F549ED125A75211383C7 /* LoggedItem.swift */; };
		292857E472561F3AFA14B3CF /* FoodReference.swift in Sources */ = {isa = PBXBuildFile; fileRef = 3446E6A2D8985E142BAB2041 /* FoodReference.swift */; };
		2A58A36E41E7E46DAEEE40C1 /* ReferenceReconciler.swift in Sources */ = {isa = PBXBuildFile; fileRef = 919DEDBF2BEE37B415CA209C /* ReferenceReconciler.swift */; };
		2FABEA2D5A210D794CF519D8 /* PortionUnit.swift in Sources */ = {isa = PBXBuildFile; fileRef = 61CA283C143DFB3AF113488E /* PortionUnit.swift */; };
		31E4FA6C66FAF9DDED392EC3 /* Motion+Patterns.swift in Sources */ = {isa = PBXBuildFile; fileRef = 9AFAB3CE3A9C0A4709D47DB4 /* Motion+Patterns.swift */; };
		3547A3A4E512CA44F0E178A9 /* Products.storekit in Resources */ = {isa = PBXBuildFile; fileRef = AA5EC66D7882786D07D37B17 /* Products.storekit */; };
		3AC2C367F7B791A1EE285299 /* ResultView.swift in Sources */ = {isa = PBXBuildFile; fileRef = 987B7D2B180F46B008B29D3A /* ResultView.swift */; };
		3AEA4E7D3A251B80A1D41CAA /* BreadReferenceTests.swift in Sources */ = {isa = PBXBuildFile; fileRef = FF230264D9562F7427116FA2 /* BreadReferenceTests.swift */; };
		3B70C192B418CF2B2E2F4888 /* Color+Tokens.swift in Sources */ = {isa = PBXBuildFile; fileRef = 87B97BFEB5D5BC2A075FDBFF /* Color+Tokens.swift */; };
		3D4000010D7C0FA114671A2F /* ContentView.swift in Sources */ = {isa = PBXBuildFile; fileRef = 385DF247D014F9EF0BDF72D6 /* ContentView.swift */; };
		3D8BDCFC09F5568F3981DAE7 /* Pow in Frameworks */ = {isa = PBXBuildFile; productRef = 2F447F5E147B0DD18A2B758F /* Pow */; };
		3EF8A428E5298AE8C03FE4CA /* Geist-SemiBold.otf in Resources */ = {isa = PBXBuildFile; fileRef = DF6450117D77FE994AEF0FAA /* Geist-SemiBold.otf */; };
		4194A98747DEEE37227513C9 /* Font+Tokens.swift in Sources */ = {isa = PBXBuildFile; fileRef = ADC91F28B9EB9C3271B2F79D /* Font+Tokens.swift */; };
		486A4EC09ADCC806C1DDE3F0 /* HistoryView.swift in Sources */ = {isa = PBXBuildFile; fileRef = 98AB9ADB825333DBF473BC9A /* HistoryView.swift */; };
		4F161E3B39AD0D2F8CAE8DB1 /* DailyView.swift in Sources */ = {isa = PBXBuildFile; fileRef = 3F43AEF8082A2E562C2842E4 /* DailyView.swift */; };
		51DE94496F47F97F1DFC5252 /* Provider.swift in Sources */ = {isa = PBXBuildFile; fileRef = 7B2F13C99F7C4BFEC48A2347 /* Provider.swift */; };
		526A711DAC33408D9629EAA5 /* LogButton.swift in Sources */ = {isa = PBXBuildFile; fileRef = 94A6AB40E7FBC8397D0B5FCC /* LogButton.swift */; };
		571AF56CA0474C48D1C796C1 /* HistoryDaySummaryBuilderTests.swift in Sources */ = {isa = PBXBuildFile; fileRef = 06D4D8739F9A29B3461B26DA /* HistoryDaySummaryBuilderTests.swift */; };
		57955CD4F69C53B723E74FA2 /* CalorieRingView.swift in Sources */ = {isa = PBXBuildFile; fileRef = 238FF164D03FBE4CB6367536 /* CalorieRingView.swift */; };
		58EA6A2261AFD526DD213D2C /* Assets.xcassets in Resources */ = {isa = PBXBuildFile; fileRef = 3E5CBAF7ABEBAABE517685BE /* Assets.xcassets */; };
		5AE2AA53DAF21C00BCF61DAA /* PaywallView.swift in Sources */ = {isa = PBXBuildFile; fileRef = 9CA21E1C27ED51254B60BEDE /* PaywallView.swift */; };
		5E2E74169EB20BB3FA006060 /* AnalysisOverlay.swift in Sources */ = {isa = PBXBuildFile; fileRef = 497CB36C5D07712BBC769BFF /* AnalysisOverlay.swift */; };
		5F970A89C896B4B8395094A8 /* WidgetDataStore.swift in Sources */ = {isa = PBXBuildFile; fileRef = 2A56C40031CD587A873FC971 /* WidgetDataStore.swift */; };
		600B95BBBA35A630EECF81BD /* StoreKitManager.swift in Sources */ = {isa = PBXBuildFile; fileRef = 6D4666D9525FC6EF15232BD0 /* StoreKitManager.swift */; };
		60E892F92E0887DAC479A39E /* ResultItemCard.swift in Sources */ = {isa = PBXBuildFile; fileRef = E4981BB2D24F7F2208FF4584 /* ResultItemCard.swift */; };
		625A3C89AC6653EDCB345899 /* CameraView.swift in Sources */ = {isa = PBXBuildFile; fileRef = 8FF0AD775886DE66BC40E360 /* CameraView.swift */; };
		64FCDE8A0383D75485EB0903 /* VisionResponseValidatorTests.swift in Sources */ = {isa = PBXBuildFile; fileRef = F013753BD4BACA5DAAAAD9B6 /* VisionResponseValidatorTests.swift */; };
		65399651FDE23A9A6E635F15 /* RawAIResponseTests.swift in Sources */ = {isa = PBXBuildFile; fileRef = 3D4B72320685EF2B0B1B2B46 /* RawAIResponseTests.swift */; };
		71B0C62E71C0D318F4673BB7 /* InfoPlist.strings in Resources */ = {isa = PBXBuildFile; fileRef = 52BBFB06F7C66440A4665CC3 /* InfoPlist.strings */; };
		74E71F51C46C76029C23714B /* turkish_food_reference.json in Resources */ = {isa = PBXBuildFile; fileRef = 05911A510FE8E8D8B0D80CA4 /* turkish_food_reference.json */; };
		78F51218DA0EF4D4D672F701 /* AIProxyClientErrorTests.swift in Sources */ = {isa = PBXBuildFile; fileRef = D987C0340FEE4009B58A1EA6 /* AIProxyClientErrorTests.swift */; };
		79CEBC67E80766B3FEB1008E /* QuickCounterView.swift in Sources */ = {isa = PBXBuildFile; fileRef = 6C5C91377CEFBE867F8F8510 /* QuickCounterView.swift */; };
		7B25EB86033380F13AFCF8FF /* DaySummaryBuilderTests.swift in Sources */ = {isa = PBXBuildFile; fileRef = 7FA01550B4154909969504A1 /* DaySummaryBuilderTests.swift */; };
		7D16B19CC9F67D20630871E5 /* WidgetDailySummaryTests.swift in Sources */ = {isa = PBXBuildFile; fileRef = C0B62D9FDF67DCD06DCFC744 /* WidgetDailySummaryTests.swift */; };
		806BDB4750F0928CA4DFAF93 /* Color+Widget.swift in Sources */ = {isa = PBXBuildFile; fileRef = FA76BED7FFEE811D19E3ED1B /* Color+Widget.swift */; };
		8223AA7BEAFD7A352FA5B0D5 /* WidgetDailySummary.swift in Sources */ = {isa = PBXBuildFile; fileRef = 60F9A94E277A5B7F98C3A0BB /* WidgetDailySummary.swift */; };
		844170B51DF055D71FA038F1 /* CategorySlugMap.swift in Sources */ = {isa = PBXBuildFile; fileRef = A7579E16F68EF88FA80D3D8F /* CategorySlugMap.swift */; };
		88B5B14F618C6D8C047B11ED /* TextLogView.swift in Sources */ = {isa = PBXBuildFile; fileRef = 1ABEDB088BD86173D15337A9 /* TextLogView.swift */; };
		8DB29A6B0446E2C7B537A2D1 /* Geist-Medium.otf in Resources */ = {isa = PBXBuildFile; fileRef = 8B1E2BDD79E8133CFA0705D8 /* Geist-Medium.otf */; };
		92E51425D18DF71D48BE63C6 /* CalorisorApp.swift in Sources */ = {isa = PBXBuildFile; fileRef = 1E4EC8FB1EBDB96EAFB72A87 /* CalorisorApp.swift */; };
		EE01FACE0000000000000203 /* LogMealIntent.swift in Sources */ = {isa = PBXBuildFile; fileRef = EE01FACE0000000000000202 /* LogMealIntent.swift */; };
		EE01FACE0000000000000303 /* MealReminderService.swift in Sources */ = {isa = PBXBuildFile; fileRef = EE01FACE0000000000000302 /* MealReminderService.swift */; };
		9518412FD393A19F2FDDA9EC /* CalorisorModelContainer.swift in Sources */ = {isa = PBXBuildFile; fileRef = C448BA48575AFBC9374C7C1F /* CalorisorModelContainer.swift */; };
		99ABCFF7C82E14E231E0A44E /* FreeScanCounter.swift in Sources */ = {isa = PBXBuildFile; fileRef = EFAF79A09D2B9B22A61B3293 /* FreeScanCounter.swift */; };
		1A11111111111111110000B1 /* InstallationIdentity.swift in Sources */ = {isa = PBXBuildFile; fileRef = 1A11111111111111110000A1 /* InstallationIdentity.swift */; };
		9AB5C410D2AC8E83D06C21DB /* ReferenceReconcilerTests.swift in Sources */ = {isa = PBXBuildFile; fileRef = 8E1F4D97BF2FC24BF78722F8 /* ReferenceReconcilerTests.swift */; };
		9DA956A393108E1719E5CBB4 /* CalorisorFormatters.swift in Sources */ = {isa = PBXBuildFile; fileRef = AF173AC7FEF260AD502A7A29 /* CalorisorFormatters.swift */; };
		A034580CE4614A3B94D32B5B /* PortionRecalculationTests.swift in Sources */ = {isa = PBXBuildFile; fileRef = CCB810BF61C02917F98B012C /* PortionRecalculationTests.swift */; };
		A27C817B5A553F42C52AC50D /* Calorisor Widget.appex in Embed Foundation Extensions */ = {isa = PBXBuildFile; fileRef = 768B000219616D415E6478BF /* Calorisor Widget.appex */; settings = {ATTRIBUTES = (RemoveHeadersOnCopy, ); }; };
		A3707C461463E7DB88E43DC3 /* CalorieRingViewTests.swift in Sources */ = {isa = PBXBuildFile; fileRef = F17DE019D6734175BC22974A /* CalorieRingViewTests.swift */; };
		A5DED6E3B8A783A159E4423E /* NutritionCalculatorTests.swift in Sources */ = {isa = PBXBuildFile; fileRef = EB0261418C32DD71652874BF /* NutritionCalculatorTests.swift */; };
		A664A1CEC57056B0B0B5726D /* UserDataDeletionTests.swift in Sources */ = {isa = PBXBuildFile; fileRef = C2D85027ED00E9227BD62D53 /* UserDataDeletionTests.swift */; };
		A6EF69200A2C240480FFD0D7 /* UserProfileRecomputeTests.swift in Sources */ = {isa = PBXBuildFile; fileRef = FB74F4E0EC9C9FA5A6B5B984 /* UserProfileRecomputeTests.swift */; };
		A7B7A1FE2461A9B5A530572E /* FoodReferenceReconcilerTests.swift in Sources */ = {isa = PBXBuildFile; fileRef = 5C5169E4437D13917D125E3F /* FoodReferenceReconcilerTests.swift */; };
		A7BEE3885ED86DF7942169FF /* WidgetDataStore.swift in Sources */ = {isa = PBXBuildFile; fileRef = 2A56C40031CD587A873FC971 /* WidgetDataStore.swift */; };
		A87F615710AC6258EBA2280F /* FreeScanCounterTests.swift in Sources */ = {isa = PBXBuildFile; fileRef = F96F2406E759FD86227F44C6 /* FreeScanCounterTests.swift */; };
		1A11111111111111110000B2 /* InstallationIdentityTests.swift in Sources */ = {isa = PBXBuildFile; fileRef = 1A11111111111111110000A2 /* InstallationIdentityTests.swift */; };
		AC1711361F29D569C54F5C23 /* Lottie in Frameworks */ = {isa = PBXBuildFile; productRef = 15856C02BB80CEBFCFEA547B /* Lottie */; };
		AC5CB5E73C3CFD78D22FF1A0 /* OnboardingModel.swift in Sources */ = {isa = PBXBuildFile; fileRef = 3567280D677BC253A09E08E4 /* OnboardingModel.swift */; };
		AF771A705D9DF951FC418363 /* AIProxyClientTests.swift in Sources */ = {isa = PBXBuildFile; fileRef = BB6C71F50507B7A6609A2DEB /* AIProxyClientTests.swift */; };
		B4F4644F634E36A42F9F2CB7 /* VisionResponse.swift in Sources */ = {isa = PBXBuildFile; fileRef = 9D7021E076DC4ED88D26975B /* VisionResponse.swift */; };
		B63DCF18E9BFA9180EC8FA05 /* RenameReconciliationTests.swift in Sources */ = {isa = PBXBuildFile; fileRef = FC5450361CF129367245855D /* RenameReconciliationTests.swift */; };
		B66A652F2DB5E33687CD963C /* TextLogInputPolicyTests.swift in Sources */ = {isa = PBXBuildFile; fileRef = 61A65FFF0F0CBF7A8AB1BF6E /* TextLogInputPolicyTests.swift */; };
		EE01FACE0000000000000102 /* MealSpeechRecognizerTests.swift in Sources */ = {isa = PBXBuildFile; fileRef = EE01FACE0000000000000101 /* MealSpeechRecognizerTests.swift */; };
		EE01FACE0000000000000402 /* NotificationPrefsTests.swift in Sources */ = {isa = PBXBuildFile; fileRef = EE01FACE0000000000000401 /* NotificationPrefsTests.swift */; };
		B9744D5660C9C7FA9F6EB2A7 /* UserProfile.swift in Sources */ = {isa = PBXBuildFile; fileRef = 2B17F01B847BA24B835B4037 /* UserProfile.swift */; };
		BABBBF429BC9E1A04F1E9BE0 /* Surfaces.swift in Sources */ = {isa = PBXBuildFile; fileRef = 99AE8E5B3D4B49925F402BC8 /* Surfaces.swift */; };
		BDBB9B674BEB8923D1BA5065 /* CalorisorIcon.swift in Sources */ = {isa = PBXBuildFile; fileRef = FE8E2BAB0C43BFA9637B6040 /* CalorisorIcon.swift */; };
		BDF12A127E07BB7FB8B0E5C9 /* DataExporterTests.swift in Sources */ = {isa = PBXBuildFile; fileRef = C416069E68BBBF6E8DDE2958 /* DataExporterTests.swift */; };
		C0D3A001C0D3A001C0D3A001 /* AppLanguage.swift in Sources */ = {isa = PBXBuildFile; fileRef = C0D3A003C0D3A003C0D3A003 /* AppLanguage.swift */; };
		C0D3A002C0D3A002C0D3A002 /* Localizable.xcstrings in Resources */ = {isa = PBXBuildFile; fileRef = C0D3A004C0D3A004C0D3A004 /* Localizable.xcstrings */; };
		C188F2E65D68966E4F8C99A3 /* TurkishFoodReference.swift in Sources */ = {isa = PBXBuildFile; fileRef = F2F6CFF933D16CAF3A6EAF7F /* TurkishFoodReference.swift */; };
		C1FFF53E6CBD29D01C106132 /* ScanEntry.swift in Sources */ = {isa = PBXBuildFile; fileRef = C39394ADA5B6933015390DC8 /* ScanEntry.swift */; };
		C226F186EE012459F20A7A66 /* AIProxyClient.swift in Sources */ = {isa = PBXBuildFile; fileRef = 086EBF7CCF553D14C6174559 /* AIProxyClient.swift */; };
		C6589D98D126F801A9DE3673 /* Layout.swift in Sources */ = {isa = PBXBuildFile; fileRef = 60A9E8334613F75FF1CA6EAD /* Layout.swift */; };
		D4DB6EC5D9E7C553A4301514 /* CalorisorLottieView.swift in Sources */ = {isa = PBXBuildFile; fileRef = B71968B769E47DAC3842D651 /* CalorisorLottieView.swift */; };
		DCE5F2979EB9B548C6CF2AEE /* Font+Widget.swift in Sources */ = {isa = PBXBuildFile; fileRef = 84EF2C3A402F676FBFA622EC /* Font+Widget.swift */; };
		E01AA21BDA85222C9DD22D1B /* NutritionCalculator.swift in Sources */ = {isa = PBXBuildFile; fileRef = DA2661881718055D067FBDA2 /* NutritionCalculator.swift */; };
		E1EED8CCB3177B5560586B87 /* OnboardingView.swift in Sources */ = {isa = PBXBuildFile; fileRef = 0E38887382F74AA55C63EA6C /* OnboardingView.swift */; };
		E7810ED3DAB4A010F74ADB3B /* GeistMono-Regular.otf in Resources */ = {isa = PBXBuildFile; fileRef = F39E67471483C60085CF44FB /* GeistMono-Regular.otf */; };
		EBD7A9ABDE0EC0EC207EBA68 /* ImageDownscalerTests.swift in Sources */ = {isa = PBXBuildFile; fileRef = 91002469968093CB5EAD8EE6 /* ImageDownscalerTests.swift */; };
		F6E9F43ECD8B80DB6FBADB80 /* NavigationModel.swift in Sources */ = {isa = PBXBuildFile; fileRef = 00C3D4D418D9A0757BAB3F9A /* NavigationModel.swift */; };
		F70AEB91CC6049E2911A555F /* String+TurkishNormalize.swift in Sources */ = {isa = PBXBuildFile; fileRef = FC1A6FC2CC0CF53D63B39DF1 /* String+TurkishNormalize.swift */; };
		FDA2A9A072724EA01D21210D /* WidgetEntryView.swift in Sources */ = {isa = PBXBuildFile; fileRef = 88393263558BFFF69AB2CBF8 /* WidgetEntryView.swift */; };
		FFB14B30C352C77FA054C93B /* WidgetDailySummary.swift in Sources */ = {isa = PBXBuildFile; fileRef = 60F9A94E277A5B7F98C3A0BB /* WidgetDailySummary.swift */; };
/* End PBXBuildFile section */

/* Begin PBXContainerItemProxy section */
		7625D93C7346B1BFF88B2B7C /* PBXContainerItemProxy */ = {
			isa = PBXContainerItemProxy;
			containerPortal = BF3E49C6ACFD5235EBF36E95 /* Project object */;
			proxyType = 1;
			remoteGlobalIDString = B362A874E91C4F058C01DB28;
			remoteInfo = CalorisorWidgetExtension;
		};
		8BA66B0944271653BFDB8CBA /* PBXContainerItemProxy */ = {
			isa = PBXContainerItemProxy;
			containerPortal = BF3E49C6ACFD5235EBF36E95 /* Project object */;
			proxyType = 1;
			remoteGlobalIDString = 4CEAA32D14A007032EAE0522;
			remoteInfo = Calorisor;
		};
/* End PBXContainerItemProxy section */

/* Begin PBXCopyFilesBuildPhase section */
		8A7559BC378FD5B1ED35A246 /* Embed Foundation Extensions */ = {
			isa = PBXCopyFilesBuildPhase;
			buildActionMask = 2147483647;
			dstPath = "";
			dstSubfolderSpec = 13;
			files = (
				A27C817B5A553F42C52AC50D /* Calorisor Widget.appex in Embed Foundation Extensions */,
			);
			name = "Embed Foundation Extensions";
			runOnlyForDeploymentPostprocessing = 0;
		};
/* End PBXCopyFilesBuildPhase section */

/* Begin PBXFileReference section */
		00C3D4D418D9A0757BAB3F9A /* NavigationModel.swift */ = {isa = PBXFileReference; lastKnownFileType = sourcecode.swift; path = NavigationModel.swift; sourceTree = "<group>"; };
		05911A510FE8E8D8B0D80CA4 /* turkish_food_reference.json */ = {isa = PBXFileReference; lastKnownFileType = text.json; path = turkish_food_reference.json; sourceTree = "<group>"; };
		06D4D8739F9A29B3461B26DA /* HistoryDaySummaryBuilderTests.swift */ = {isa = PBXFileReference; lastKnownFileType = sourcecode.swift; path = HistoryDaySummaryBuilderTests.swift; sourceTree = "<group>"; };
		086EBF7CCF553D14C6174559 /* AIProxyClient.swift */ = {isa = PBXFileReference; lastKnownFileType = sourcecode.swift; path = AIProxyClient.swift; sourceTree = "<group>"; };
		0ABD36F99BF9F15BC3DA0299 /* DayDetailView.swift */ = {isa = PBXFileReference; lastKnownFileType = sourcecode.swift; path = DayDetailView.swift; sourceTree = "<group>"; };
		0E38887382F74AA55C63EA6C /* OnboardingView.swift */ = {isa = PBXFileReference; lastKnownFileType = sourcecode.swift; path = OnboardingView.swift; sourceTree = "<group>"; };
		142093050464BF9252D327F3 /* Calorisor.app */ = {isa = PBXFileReference; explicitFileType = wrapper.application; includeInIndex = 0; path = Calorisor.app; sourceTree = BUILT_PRODUCTS_DIR; };
		1ABEDB088BD86173D15337A9 /* TextLogView.swift */ = {isa = PBXFileReference; lastKnownFileType = sourcecode.swift; path = TextLogView.swift; sourceTree = "<group>"; };
		1E4EC8FB1EBDB96EAFB72A87 /* CalorisorApp.swift */ = {isa = PBXFileReference; lastKnownFileType = sourcecode.swift; path = CalorisorApp.swift; sourceTree = "<group>"; };
		EE01FACE0000000000000202 /* LogMealIntent.swift */ = {isa = PBXFileReference; lastKnownFileType = sourcecode.swift; path = LogMealIntent.swift; sourceTree = "<group>"; };
		EE01FACE0000000000000302 /* MealReminderService.swift */ = {isa = PBXFileReference; lastKnownFileType = sourcecode.swift; path = MealReminderService.swift; sourceTree = "<group>"; };
		238FF164D03FBE4CB6367536 /* CalorieRingView.swift */ = {isa = PBXFileReference; lastKnownFileType = sourcecode.swift; path = CalorieRingView.swift; sourceTree = "<group>"; };
		2A56C40031CD587A873FC971 /* WidgetDataStore.swift */ = {isa = PBXFileReference; lastKnownFileType = sourcecode.swift; path = WidgetDataStore.swift; sourceTree = "<group>"; };
		2B17F01B847BA24B835B4037 /* UserProfile.swift */ = {isa = PBXFileReference; lastKnownFileType = sourcecode.swift; path = UserProfile.swift; sourceTree = "<group>"; };
		3446E6A2D8985E142BAB2041 /* FoodReference.swift */ = {isa = PBXFileReference; lastKnownFileType = sourcecode.swift; path = FoodReference.swift; sourceTree = "<group>"; };
		3567280D677BC253A09E08E4 /* OnboardingModel.swift */ = {isa = PBXFileReference; lastKnownFileType = sourcecode.swift; path = OnboardingModel.swift; sourceTree = "<group>"; };
		385DF247D014F9EF0BDF72D6 /* ContentView.swift */ = {isa = PBXFileReference; lastKnownFileType = sourcecode.swift; path = ContentView.swift; sourceTree = "<group>"; };
		3B9A8C2BECC7C56922DC9D38 /* VisionResponseValidator.swift */ = {isa = PBXFileReference; lastKnownFileType = sourcecode.swift; path = VisionResponseValidator.swift; sourceTree = "<group>"; };
		3D4B72320685EF2B0B1B2B46 /* RawAIResponseTests.swift */ = {isa = PBXFileReference; lastKnownFileType = sourcecode.swift; path = RawAIResponseTests.swift; sourceTree = "<group>"; };
		3E5CBAF7ABEBAABE517685BE /* Assets.xcassets */ = {isa = PBXFileReference; lastKnownFileType = folder.assetcatalog; path = Assets.xcassets; sourceTree = "<group>"; };
		3F43AEF8082A2E562C2842E4 /* DailyView.swift */ = {isa = PBXFileReference; lastKnownFileType = sourcecode.swift; path = DailyView.swift; sourceTree = "<group>"; };
		42BA68BE72D1A41D934F0208 /* CalorisorWidget.entitlements */ = {isa = PBXFileReference; lastKnownFileType = text.plist.entitlements; path = CalorisorWidget.entitlements; sourceTree = "<group>"; };
		497CB36C5D07712BBC769BFF /* AnalysisOverlay.swift */ = {isa = PBXFileReference; lastKnownFileType = sourcecode.swift; path = AnalysisOverlay.swift; sourceTree = "<group>"; };
		4C0922CC61DD4E4D87BAB267 /* DailyQuickCounter.swift */ = {isa = PBXFileReference; lastKnownFileType = sourcecode.swift; path = DailyQuickCounter.swift; sourceTree = "<group>"; };
		58EB71386FCB3BB93B36C4C4 /* Geist-Regular.otf */ = {isa = PBXFileReference; lastKnownFileType = file; path = "Geist-Regular.otf"; sourceTree = "<group>"; };
		5C5169E4437D13917D125E3F /* FoodReferenceReconcilerTests.swift */ = {isa = PBXFileReference; lastKnownFileType = sourcecode.swift; path = FoodReferenceReconcilerTests.swift; sourceTree = "<group>"; };
		60A9E8334613F75FF1CA6EAD /* Layout.swift */ = {isa = PBXFileReference; lastKnownFileType = sourcecode.swift; path = Layout.swift; sourceTree = "<group>"; };
		60F9A94E277A5B7F98C3A0BB /* WidgetDailySummary.swift */ = {isa = PBXFileReference; lastKnownFileType = sourcecode.swift; path = WidgetDailySummary.swift; sourceTree = "<group>"; };
		61A65FFF0F0CBF7A8AB1BF6E /* TextLogInputPolicyTests.swift */ = {isa = PBXFileReference; lastKnownFileType = sourcecode.swift; path = TextLogInputPolicyTests.swift; sourceTree = "<group>"; };
		EE01FACE0000000000000101 /* MealSpeechRecognizerTests.swift */ = {isa = PBXFileReference; lastKnownFileType = sourcecode.swift; path = MealSpeechRecognizerTests.swift; sourceTree = "<group>"; };
		EE01FACE0000000000000401 /* NotificationPrefsTests.swift */ = {isa = PBXFileReference; lastKnownFileType = sourcecode.swift; path = NotificationPrefsTests.swift; sourceTree = "<group>"; };
		61CA283C143DFB3AF113488E /* PortionUnit.swift */ = {isa = PBXFileReference; lastKnownFileType = sourcecode.swift; path = PortionUnit.swift; sourceTree = "<group>"; };
		6C5C91377CEFBE867F8F8510 /* QuickCounterView.swift */ = {isa = PBXFileReference; lastKnownFileType = sourcecode.swift; path = QuickCounterView.swift; sourceTree = "<group>"; };
		6D4666D9525FC6EF15232BD0 /* StoreKitManager.swift */ = {isa = PBXFileReference; lastKnownFileType = sourcecode.swift; path = StoreKitManager.swift; sourceTree = "<group>"; };
		768B000219616D415E6478BF /* Calorisor Widget.appex */ = {isa = PBXFileReference; explicitFileType = "wrapper.app-extension"; includeInIndex = 0; path = "Calorisor Widget.appex"; sourceTree = BUILT_PRODUCTS_DIR; };
		7B2F13C99F7C4BFEC48A2347 /* Provider.swift */ = {isa = PBXFileReference; lastKnownFileType = sourcecode.swift; path = Provider.swift; sourceTree = "<group>"; };
		7FA01550B4154909969504A1 /* DaySummaryBuilderTests.swift */ = {isa = PBXFileReference; lastKnownFileType = sourcecode.swift; path = DaySummaryBuilderTests.swift; sourceTree = "<group>"; };
		83E136C81E00E88F23205CD9 /* GeistMono-Medium.otf */ = {isa = PBXFileReference; lastKnownFileType = file; path = "GeistMono-Medium.otf"; sourceTree = "<group>"; };
		84EF2C3A402F676FBFA622EC /* Font+Widget.swift */ = {isa = PBXFileReference; lastKnownFileType = sourcecode.swift; path = "Font+Widget.swift"; sourceTree = "<group>"; };
		87B97BFEB5D5BC2A075FDBFF /* Color+Tokens.swift */ = {isa = PBXFileReference; lastKnownFileType = sourcecode.swift; path = "Color+Tokens.swift"; sourceTree = "<group>"; };
		88393263558BFFF69AB2CBF8 /* WidgetEntryView.swift */ = {isa = PBXFileReference; lastKnownFileType = sourcecode.swift; path = WidgetEntryView.swift; sourceTree = "<group>"; };
		889BD89F90EF087B95CE8499 /* DataExporter.swift */ = {isa = PBXFileReference; lastKnownFileType = sourcecode.swift; path = DataExporter.swift; sourceTree = "<group>"; };
		88B088DADDCE77DB0C23F66F /* CalorisorWidget.swift */ = {isa = PBXFileReference; lastKnownFileType = sourcecode.swift; path = CalorisorWidget.swift; sourceTree = "<group>"; };
		8B1E2BDD79E8133CFA0705D8 /* Geist-Medium.otf */ = {isa = PBXFileReference; lastKnownFileType = file; path = "Geist-Medium.otf"; sourceTree = "<group>"; };
		8E1F4D97BF2FC24BF78722F8 /* ReferenceReconcilerTests.swift */ = {isa = PBXFileReference; lastKnownFileType = sourcecode.swift; path = ReferenceReconcilerTests.swift; sourceTree = "<group>"; };
		8F76138538D2FC56E4B85D73 /* tr */ = {isa = PBXFileReference; lastKnownFileType = text.plist.strings; name = tr; path = tr.lproj/InfoPlist.strings; sourceTree = "<group>"; };
		8FF0AD775886DE66BC40E360 /* CameraView.swift */ = {isa = PBXFileReference; lastKnownFileType = sourcecode.swift; path = CameraView.swift; sourceTree = "<group>"; };
		91002469968093CB5EAD8EE6 /* ImageDownscalerTests.swift */ = {isa = PBXFileReference; lastKnownFileType = sourcecode.swift; path = ImageDownscalerTests.swift; sourceTree = "<group>"; };
		919DEDBF2BEE37B415CA209C /* ReferenceReconciler.swift */ = {isa = PBXFileReference; lastKnownFileType = sourcecode.swift; path = ReferenceReconciler.swift; sourceTree = "<group>"; };
		94A6AB40E7FBC8397D0B5FCC /* LogButton.swift */ = {isa = PBXFileReference; lastKnownFileType = sourcecode.swift; path = LogButton.swift; sourceTree = "<group>"; };
		9601C724990AFBFD75EDD21E /* DaySummaryBuilder.swift */ = {isa = PBXFileReference; lastKnownFileType = sourcecode.swift; path = DaySummaryBuilder.swift; sourceTree = "<group>"; };
		987B7D2B180F46B008B29D3A /* ResultView.swift */ = {isa = PBXFileReference; lastKnownFileType = sourcecode.swift; path = ResultView.swift; sourceTree = "<group>"; };
		98AB9ADB825333DBF473BC9A /* HistoryView.swift */ = {isa = PBXFileReference; lastKnownFileType = sourcecode.swift; path = HistoryView.swift; sourceTree = "<group>"; };
		99AE8E5B3D4B49925F402BC8 /* Surfaces.swift */ = {isa = PBXFileReference; lastKnownFileType = sourcecode.swift; path = Surfaces.swift; sourceTree = "<group>"; };
		9AFAB3CE3A9C0A4709D47DB4 /* Motion+Patterns.swift */ = {isa = PBXFileReference; lastKnownFileType = sourcecode.swift; path = "Motion+Patterns.swift"; sourceTree = "<group>"; };
		9CA21E1C27ED51254B60BEDE /* PaywallView.swift */ = {isa = PBXFileReference; lastKnownFileType = sourcecode.swift; path = PaywallView.swift; sourceTree = "<group>"; };
		9D7021E076DC4ED88D26975B /* VisionResponse.swift */ = {isa = PBXFileReference; lastKnownFileType = sourcecode.swift; path = VisionResponse.swift; sourceTree = "<group>"; };
		A7579E16F68EF88FA80D3D8F /* CategorySlugMap.swift */ = {isa = PBXFileReference; lastKnownFileType = sourcecode.swift; path = CategorySlugMap.swift; sourceTree = "<group>"; };
		AA5EC66D7882786D07D37B17 /* Products.storekit */ = {isa = PBXFileReference; lastKnownFileType = text; path = Products.storekit; sourceTree = "<group>"; };
		ADC91F28B9EB9C3271B2F79D /* Font+Tokens.swift */ = {isa = PBXFileReference; lastKnownFileType = sourcecode.swift; path = "Font+Tokens.swift"; sourceTree = "<group>"; };
		AF173AC7FEF260AD502A7A29 /* CalorisorFormatters.swift */ = {isa = PBXFileReference; lastKnownFileType = sourcecode.swift; path = CalorisorFormatters.swift; sourceTree = "<group>"; };
		B71968B769E47DAC3842D651 /* CalorisorLottieView.swift */ = {isa = PBXFileReference; lastKnownFileType = sourcecode.swift; path = CalorisorLottieView.swift; sourceTree = "<group>"; };
		BB6C71F50507B7A6609A2DEB /* AIProxyClientTests.swift */ = {isa = PBXFileReference; lastKnownFileType = sourcecode.swift; path = AIProxyClientTests.swift; sourceTree = "<group>"; };
		C0B62D9FDF67DCD06DCFC744 /* WidgetDailySummaryTests.swift */ = {isa = PBXFileReference; lastKnownFileType = sourcecode.swift; path = WidgetDailySummaryTests.swift; sourceTree = "<group>"; };
		C0D3A003C0D3A003C0D3A003 /* AppLanguage.swift */ = {isa = PBXFileReference; lastKnownFileType = sourcecode.swift; path = AppLanguage.swift; sourceTree = "<group>"; };
		C0D3A004C0D3A004C0D3A004 /* Localizable.xcstrings */ = {isa = PBXFileReference; lastKnownFileType = text.json.xcstrings; path = Localizable.xcstrings; sourceTree = "<group>"; };
		C2D85027ED00E9227BD62D53 /* UserDataDeletionTests.swift */ = {isa = PBXFileReference; lastKnownFileType = sourcecode.swift; path = UserDataDeletionTests.swift; sourceTree = "<group>"; };
		C39394ADA5B6933015390DC8 /* ScanEntry.swift */ = {isa = PBXFileReference; lastKnownFileType = sourcecode.swift; path = ScanEntry.swift; sourceTree = "<group>"; };
		C416069E68BBBF6E8DDE2958 /* DataExporterTests.swift */ = {isa = PBXFileReference; lastKnownFileType = sourcecode.swift; path = DataExporterTests.swift; sourceTree = "<group>"; };
		C448BA48575AFBC9374C7C1F /* CalorisorModelContainer.swift */ = {isa = PBXFileReference; lastKnownFileType = sourcecode.swift; path = CalorisorModelContainer.swift; sourceTree = "<group>"; };
		C814866475D7F65D8C76EA67 /* en */ = {isa = PBXFileReference; lastKnownFileType = text.plist.strings; name = en; path = en.lproj/InfoPlist.strings; sourceTree = "<group>"; };
		CB00F92C537B260370B739B5 /* ReconcilerNegativeTests.swift */ = {isa = PBXFileReference; lastKnownFileType = sourcecode.swift; path = ReconcilerNegativeTests.swift; sourceTree = "<group>"; };
		CCB810BF61C02917F98B012C /* PortionRecalculationTests.swift */ = {isa = PBXFileReference; lastKnownFileType = sourcecode.swift; path = PortionRecalculationTests.swift; sourceTree = "<group>"; };
		D959F549ED125A75211383C7 /* LoggedItem.swift */ = {isa = PBXFileReference; lastKnownFileType = sourcecode.swift; path = LoggedItem.swift; sourceTree = "<group>"; };
		D987C0340FEE4009B58A1EA6 /* AIProxyClientErrorTests.swift */ = {isa = PBXFileReference; lastKnownFileType = sourcecode.swift; path = AIProxyClientErrorTests.swift; sourceTree = "<group>"; };
		DA2661881718055D067FBDA2 /* NutritionCalculator.swift */ = {isa = PBXFileReference; lastKnownFileType = sourcecode.swift; path = NutritionCalculator.swift; sourceTree = "<group>"; };
		DF6450117D77FE994AEF0FAA /* Geist-SemiBold.otf */ = {isa = PBXFileReference; lastKnownFileType = file; path = "Geist-SemiBold.otf"; sourceTree = "<group>"; };
		E156CC8B82DB574BEC1B447D /* Info.plist */ = {isa = PBXFileReference; lastKnownFileType = text.plist; path = Info.plist; sourceTree = "<group>"; };
		E4378BB9A08D5C36C848C3BA /* tr */ = {isa = PBXFileReference; lastKnownFileType = text.plist.strings; name = tr; path = tr.lproj/InfoPlist.strings; sourceTree = "<group>"; };
		E4981BB2D24F7F2208FF4584 /* ResultItemCard.swift */ = {isa = PBXFileReference; lastKnownFileType = sourcecode.swift; path = ResultItemCard.swift; sourceTree = "<group>"; };
		E7E779E8983043AC16D6FE8E /* AIProxyRequestTests.swift */ = {isa = PBXFileReference; lastKnownFileType = sourcecode.swift; path = AIProxyRequestTests.swift; sourceTree = "<group>"; };
		EB0261418C32DD71652874BF /* NutritionCalculatorTests.swift */ = {isa = PBXFileReference; lastKnownFileType = sourcecode.swift; path = NutritionCalculatorTests.swift; sourceTree = "<group>"; };
		EFAF79A09D2B9B22A61B3293 /* FreeScanCounter.swift */ = {isa = PBXFileReference; lastKnownFileType = sourcecode.swift; path = FreeScanCounter.swift; sourceTree = "<group>"; };
		1A11111111111111110000A1 /* InstallationIdentity.swift */ = {isa = PBXFileReference; lastKnownFileType = sourcecode.swift; path = InstallationIdentity.swift; sourceTree = "<group>"; };
		F013753BD4BACA5DAAAAD9B6 /* VisionResponseValidatorTests.swift */ = {isa = PBXFileReference; lastKnownFileType = sourcecode.swift; path = VisionResponseValidatorTests.swift; sourceTree = "<group>"; };
		F0448D0A8FC1CA151A408D7F /* CalorisorTests.xctest */ = {isa = PBXFileReference; explicitFileType = wrapper.cfbundle; includeInIndex = 0; path = CalorisorTests.xctest; sourceTree = BUILT_PRODUCTS_DIR; };
		F147E274CA44406942ADF2E8 /* WidgetDataStore+MainApp.swift */ = {isa = PBXFileReference; lastKnownFileType = sourcecode.swift; path = "WidgetDataStore+MainApp.swift"; sourceTree = "<group>"; };
		F17DE019D6734175BC22974A /* CalorieRingViewTests.swift */ = {isa = PBXFileReference; lastKnownFileType = sourcecode.swift; path = CalorieRingViewTests.swift; sourceTree = "<group>"; };
		F2F6CFF933D16CAF3A6EAF7F /* TurkishFoodReference.swift */ = {isa = PBXFileReference; lastKnownFileType = sourcecode.swift; path = TurkishFoodReference.swift; sourceTree = "<group>"; };
		F39E67471483C60085CF44FB /* GeistMono-Regular.otf */ = {isa = PBXFileReference; lastKnownFileType = file; path = "GeistMono-Regular.otf"; sourceTree = "<group>"; };
		F737E22CCA18A4784BE99B3F /* .gitkeep */ = {isa = PBXFileReference; lastKnownFileType = text; path = .gitkeep; sourceTree = "<group>"; };
		F926CC1E99F52D8622D10D52 /* en */ = {isa = PBXFileReference; lastKnownFileType = text.plist.strings; name = en; path = en.lproj/InfoPlist.strings; sourceTree = "<group>"; };
		F96F2406E759FD86227F44C6 /* FreeScanCounterTests.swift */ = {isa = PBXFileReference; lastKnownFileType = sourcecode.swift; path = FreeScanCounterTests.swift; sourceTree = "<group>"; };
		1A11111111111111110000A2 /* InstallationIdentityTests.swift */ = {isa = PBXFileReference; lastKnownFileType = sourcecode.swift; path = InstallationIdentityTests.swift; sourceTree = "<group>"; };
		FA76BED7FFEE811D19E3ED1B /* Color+Widget.swift */ = {isa = PBXFileReference; lastKnownFileType = sourcecode.swift; path = "Color+Widget.swift"; sourceTree = "<group>"; };
		FB74F4E0EC9C9FA5A6B5B984 /* UserProfileRecomputeTests.swift */ = {isa = PBXFileReference; lastKnownFileType = sourcecode.swift; path = UserProfileRecomputeTests.swift; sourceTree = "<group>"; };
		FB7E294B7CA4C6699C4ECCD5 /* SevenDaySummaryView.swift */ = {isa = PBXFileReference; lastKnownFileType = sourcecode.swift; path = SevenDaySummaryView.swift; sourceTree = "<group>"; };
		FC1A6FC2CC0CF53D63B39DF1 /* String+TurkishNormalize.swift */ = {isa = PBXFileReference; lastKnownFileType = sourcecode.swift; path = "String+TurkishNormalize.swift"; sourceTree = "<group>"; };
		FC5450361CF129367245855D /* RenameReconciliationTests.swift */ = {isa = PBXFileReference; lastKnownFileType = sourcecode.swift; path = RenameReconciliationTests.swift; sourceTree = "<group>"; };
		FDE2D0B35958358EB63D7560 /* NutritionConstants.swift */ = {isa = PBXFileReference; lastKnownFileType = sourcecode.swift; path = NutritionConstants.swift; sourceTree = "<group>"; };
		FE8E2BAB0C43BFA9637B6040 /* CalorisorIcon.swift */ = {isa = PBXFileReference; lastKnownFileType = sourcecode.swift; path = CalorisorIcon.swift; sourceTree = "<group>"; };
		FF230264D9562F7427116FA2 /* BreadReferenceTests.swift */ = {isa = PBXFileReference; lastKnownFileType = sourcecode.swift; path = BreadReferenceTests.swift; sourceTree = "<group>"; };
/* End PBXFileReference section */

/* Begin PBXFrameworksBuildPhase section */
		61ECD97884AFEE36E827883A /* Frameworks */ = {
			isa = PBXFrameworksBuildPhase;
			buildActionMask = 2147483647;
			files = (
				3D8BDCFC09F5568F3981DAE7 /* Pow in Frameworks */,
				AC1711361F29D569C54F5C23 /* Lottie in Frameworks */,
			);
			runOnlyForDeploymentPostprocessing = 0;
		};
/* End PBXFrameworksBuildPhase section */

/* Begin PBXGroup section */
		09610E8843C2F7B385B686F3 /* CalorisorWidget */ = {
			isa = PBXGroup;
			children = (
				2C207BF09448E5C2FAC4DE27 /* Extensions */,
				52BBFB06F7C66440A4665CC3 /* InfoPlist.strings */,
				E156CC8B82DB574BEC1B447D /* Info.plist */,
				7B2F13C99F7C4BFEC48A2347 /* Provider.swift */,
				42BA68BE72D1A41D934F0208 /* CalorisorWidget.entitlements */,
				88B088DADDCE77DB0C23F66F /* CalorisorWidget.swift */,
				88393263558BFFF69AB2CBF8 /* WidgetEntryView.swift */,
			);
			path = CalorisorWidget;
			sourceTree = "<group>";
		};
		0DDABFE76DE4E32F5D1419C5 /* Nutrition */ = {
			isa = PBXGroup;
			children = (
				A7579E16F68EF88FA80D3D8F /* CategorySlugMap.swift */,
				DA2661881718055D067FBDA2 /* NutritionCalculator.swift */,
				919DEDBF2BEE37B415CA209C /* ReferenceReconciler.swift */,
				FC1A6FC2CC0CF53D63B39DF1 /* String+TurkishNormalize.swift */,
				F2F6CFF933D16CAF3A6EAF7F /* TurkishFoodReference.swift */,
			);
			path = Nutrition;
			sourceTree = "<group>";
		};
		2532FDAFB72DA18C110BBADD /* Daily */ = {
			isa = PBXGroup;
			children = (
				238FF164D03FBE4CB6367536 /* CalorieRingView.swift */,
				3F43AEF8082A2E562C2842E4 /* DailyView.swift */,
				6C5C91377CEFBE867F8F8510 /* QuickCounterView.swift */,
				FB7E294B7CA4C6699C4ECCD5 /* SevenDaySummaryView.swift */,
			);
			path = Daily;
			sourceTree = "<group>";
		};
		2C207BF09448E5C2FAC4DE27 /* Extensions */ = {
			isa = PBXGroup;
			children = (
				FA76BED7FFEE811D19E3ED1B /* Color+Widget.swift */,
				84EF2C3A402F676FBFA622EC /* Font+Widget.swift */,
			);
			path = Extensions;
			sourceTree = "<group>";
		};
		2CE4BD35B616F3A7BF36F0E3 /* Views */ = {
			isa = PBXGroup;
			children = (
				D0BFFC07FB6F626B6B2C284E /* Analysis */,
				B37A30B44021471D12663445 /* Camera */,
				FE15C10253716DD32F01C20E /* Components */,
				2532FDAFB72DA18C110BBADD /* Daily */,
				6A4C5F9FABDA29607ED706CA /* History */,
				75808114E99ADC5ECD071222 /* Onboarding */,
				2D324E050984C4336380B8B0 /* Result */,
				A74D09E2D17E4836C57FAF7D /* TextLog */,
			);
			path = Views;
			sourceTree = "<group>";
		};
		2D324E050984C4336380B8B0 /* Result */ = {
			isa = PBXGroup;
			children = (
				E4981BB2D24F7F2208FF4584 /* ResultItemCard.swift */,
				987B7D2B180F46B008B29D3A /* ResultView.swift */,
			);
			path = Result;
			sourceTree = "<group>";
		};
		3AF8F5ACF117AC000E8F31E3 /* App */ = {
			isa = PBXGroup;
			children = (
				C0D3A003C0D3A003C0D3A003 /* AppLanguage.swift */,
				385DF247D014F9EF0BDF72D6 /* ContentView.swift */,
				00C3D4D418D9A0757BAB3F9A /* NavigationModel.swift */,
				1E4EC8FB1EBDB96EAFB72A87 /* CalorisorApp.swift */,
			);
			path = App;
			sourceTree = "<group>";
		};
		EE01FACE0000000000000201 /* AppIntents */ = {
			isa = PBXGroup;
			children = (
				EE01FACE0000000000000202 /* LogMealIntent.swift */,
			);
			path = AppIntents;
			sourceTree = "<group>";
		};
		EE01FACE0000000000000301 /* Notifications */ = {
			isa = PBXGroup;
			children = (
				EE01FACE0000000000000302 /* MealReminderService.swift */,
			);
			path = Notifications;
			sourceTree = "<group>";
		};
		3CE869EBA21DE36DE94948C7 /* Networking */ = {
			isa = PBXGroup;
			children = (
				086EBF7CCF553D14C6174559 /* AIProxyClient.swift */,
				EFAF79A09D2B9B22A61B3293 /* FreeScanCounter.swift */,
				1A11111111111111110000A1 /* InstallationIdentity.swift */,
				9D7021E076DC4ED88D26975B /* VisionResponse.swift */,
				3B9A8C2BECC7C56922DC9D38 /* VisionResponseValidator.swift */,
			);
			path = Networking;
			sourceTree = "<group>";
		};
		40BC61BE2D2C595666C68E47 /* Persistence */ = {
			isa = PBXGroup;
			children = (
				C448BA48575AFBC9374C7C1F /* CalorisorModelContainer.swift */,
			);
			path = Persistence;
			sourceTree = "<group>";
		};
		4502606A0FAC8578D476D20E /* CalorisorTests */ = {
			isa = PBXGroup;
			children = (
				D987C0340FEE4009B58A1EA6 /* AIProxyClientErrorTests.swift */,
				BB6C71F50507B7A6609A2DEB /* AIProxyClientTests.swift */,
				E7E779E8983043AC16D6FE8E /* AIProxyRequestTests.swift */,
				FF230264D9562F7427116FA2 /* BreadReferenceTests.swift */,
				F17DE019D6734175BC22974A /* CalorieRingViewTests.swift */,
				C416069E68BBBF6E8DDE2958 /* DataExporterTests.swift */,
				7FA01550B4154909969504A1 /* DaySummaryBuilderTests.swift */,
				5C5169E4437D13917D125E3F /* FoodReferenceReconcilerTests.swift */,
				F96F2406E759FD86227F44C6 /* FreeScanCounterTests.swift */,
				1A11111111111111110000A2 /* InstallationIdentityTests.swift */,
				06D4D8739F9A29B3461B26DA /* HistoryDaySummaryBuilderTests.swift */,
				91002469968093CB5EAD8EE6 /* ImageDownscalerTests.swift */,
				EB0261418C32DD71652874BF /* NutritionCalculatorTests.swift */,
				CCB810BF61C02917F98B012C /* PortionRecalculationTests.swift */,
				3D4B72320685EF2B0B1B2B46 /* RawAIResponseTests.swift */,
				CB00F92C537B260370B739B5 /* ReconcilerNegativeTests.swift */,
				8E1F4D97BF2FC24BF78722F8 /* ReferenceReconcilerTests.swift */,
				FC5450361CF129367245855D /* RenameReconciliationTests.swift */,
				61A65FFF0F0CBF7A8AB1BF6E /* TextLogInputPolicyTests.swift */,
				EE01FACE0000000000000101 /* MealSpeechRecognizerTests.swift */,
				EE01FACE0000000000000401 /* NotificationPrefsTests.swift */,
				C2D85027ED00E9227BD62D53 /* UserDataDeletionTests.swift */,
				FB74F4E0EC9C9FA5A6B5B984 /* UserProfileRecomputeTests.swift */,
				F013753BD4BACA5DAAAAD9B6 /* VisionResponseValidatorTests.swift */,
				C0B62D9FDF67DCD06DCFC744 /* WidgetDailySummaryTests.swift */,
			);
			path = CalorisorTests;
			sourceTree = "<group>";
		};
		57440A81151301AB9257B87B = {
			isa = PBXGroup;
			children = (
				A0DD425CDFDC8FCC829BD940 /* Calorisor */,
				4502606A0FAC8578D476D20E /* CalorisorTests */,
				09610E8843C2F7B385B686F3 /* CalorisorWidget */,
				718CAD927C385D892256CB2D /* Products */,
			);
			sourceTree = "<group>";
		};
		6A0393DD2B432C82CCCE5378 /* Fonts */ = {
			isa = PBXGroup;
			children = (
				8B1E2BDD79E8133CFA0705D8 /* Geist-Medium.otf */,
				58EB71386FCB3BB93B36C4C4 /* Geist-Regular.otf */,
				DF6450117D77FE994AEF0FAA /* Geist-SemiBold.otf */,
				83E136C81E00E88F23205CD9 /* GeistMono-Medium.otf */,
				F39E67471483C60085CF44FB /* GeistMono-Regular.otf */,
			);
			path = Fonts;
			sourceTree = "<group>";
		};
		6A4C5F9FABDA29607ED706CA /* History */ = {
			isa = PBXGroup;
			children = (
				0ABD36F99BF9F15BC3DA0299 /* DayDetailView.swift */,
				98AB9ADB825333DBF473BC9A /* HistoryView.swift */,
			);
			path = History;
			sourceTree = "<group>";
		};
		718CAD927C385D892256CB2D /* Products */ = {
			isa = PBXGroup;
			children = (
				142093050464BF9252D327F3 /* Calorisor.app */,
				F0448D0A8FC1CA151A408D7F /* CalorisorTests.xctest */,
				768B000219616D415E6478BF /* Calorisor Widget.appex */,
			);
			name = Products;
			sourceTree = "<group>";
		};
		75808114E99ADC5ECD071222 /* Onboarding */ = {
			isa = PBXGroup;
			children = (
				3567280D677BC253A09E08E4 /* OnboardingModel.swift */,
				0E38887382F74AA55C63EA6C /* OnboardingView.swift */,
				9CA21E1C27ED51254B60BEDE /* PaywallView.swift */,
			);
			path = Onboarding;
			sourceTree = "<group>";
		};
		87522F40CDC496FAEF7D4EEF /* Models */ = {
			isa = PBXGroup;
			children = (
				4C0922CC61DD4E4D87BAB267 /* DailyQuickCounter.swift */,
				889BD89F90EF087B95CE8499 /* DataExporter.swift */,
				9601C724990AFBFD75EDD21E /* DaySummaryBuilder.swift */,
				3446E6A2D8985E142BAB2041 /* FoodReference.swift */,
				D959F549ED125A75211383C7 /* LoggedItem.swift */,
				FDE2D0B35958358EB63D7560 /* NutritionConstants.swift */,
				61CA283C143DFB3AF113488E /* PortionUnit.swift */,
				C39394ADA5B6933015390DC8 /* ScanEntry.swift */,
				AF173AC7FEF260AD502A7A29 /* CalorisorFormatters.swift */,
				2B17F01B847BA24B835B4037 /* UserProfile.swift */,
				60F9A94E277A5B7F98C3A0BB /* WidgetDailySummary.swift */,
				2A56C40031CD587A873FC971 /* WidgetDataStore.swift */,
			);
			path = Models;
			sourceTree = "<group>";
		};
		9566A4D5F370CD0EC38D8257 /* Extensions */ = {
			isa = PBXGroup;
			children = (
				F147E274CA44406942ADF2E8 /* WidgetDataStore+MainApp.swift */,
			);
			path = Extensions;
			sourceTree = "<group>";
		};
		A0DD425CDFDC8FCC829BD940 /* Calorisor */ = {
			isa = PBXGroup;
			children = (
				3AF8F5ACF117AC000E8F31E3 /* App */,
				EE01FACE0000000000000201 /* AppIntents */,
				ABCC4EF4F95D5007CC7AB31C /* DesignSystem */,
				9566A4D5F370CD0EC38D8257 /* Extensions */,
				AF33938C2AF7067CEA9AA9B1 /* InfoPlist.strings */,
				87522F40CDC496FAEF7D4EEF /* Models */,
				3CE869EBA21DE36DE94948C7 /* Networking */,
				0DDABFE76DE4E32F5D1419C5 /* Nutrition */,
				EE01FACE0000000000000301 /* Notifications */,
				40BC61BE2D2C595666C68E47 /* Persistence */,
				A393E1770736058EF5CB308A /* Resources */,
				B1F0FC49EF3FEA8DFD38ECB0 /* StoreKit */,
				2CE4BD35B616F3A7BF36F0E3 /* Views */,
				3E5CBAF7ABEBAABE517685BE /* Assets.xcassets */,
			);
			path = Calorisor;
			sourceTree = "<group>";
		};
		A393E1770736058EF5CB308A /* Resources */ = {
			isa = PBXGroup;
			children = (
				FB60A97711EE2C147C7C5F59 /* Animations */,
				6A0393DD2B432C82CCCE5378 /* Fonts */,
				C0D3A004C0D3A004C0D3A004 /* Localizable.xcstrings */,
				05911A510FE8E8D8B0D80CA4 /* turkish_food_reference.json */,
			);
			path = Resources;
			sourceTree = "<group>";
		};
		A74D09E2D17E4836C57FAF7D /* TextLog */ = {
			isa = PBXGroup;
			children = (
				1ABEDB088BD86173D15337A9 /* TextLogView.swift */,
			);
			path = TextLog;
			sourceTree = "<group>";
		};
		ABCC4EF4F95D5007CC7AB31C /* DesignSystem */ = {
			isa = PBXGroup;
			children = (
				87B97BFEB5D5BC2A075FDBFF /* Color+Tokens.swift */,
				ADC91F28B9EB9C3271B2F79D /* Font+Tokens.swift */,
				60A9E8334613F75FF1CA6EAD /* Layout.swift */,
				9AFAB3CE3A9C0A4709D47DB4 /* Motion+Patterns.swift */,
				FE8E2BAB0C43BFA9637B6040 /* CalorisorIcon.swift */,
				99AE8E5B3D4B49925F402BC8 /* Surfaces.swift */,
			);
			path = DesignSystem;
			sourceTree = "<group>";
		};
		B1F0FC49EF3FEA8DFD38ECB0 /* StoreKit */ = {
			isa = PBXGroup;
			children = (
				AA5EC66D7882786D07D37B17 /* Products.storekit */,
				6D4666D9525FC6EF15232BD0 /* StoreKitManager.swift */,
			);
			path = StoreKit;
			sourceTree = "<group>";
		};
		B37A30B44021471D12663445 /* Camera */ = {
			isa = PBXGroup;
			children = (
				8FF0AD775886DE66BC40E360 /* CameraView.swift */,
			);
			path = Camera;
			sourceTree = "<group>";
		};
		D0BFFC07FB6F626B6B2C284E /* Analysis */ = {
			isa = PBXGroup;
			children = (
				497CB36C5D07712BBC769BFF /* AnalysisOverlay.swift */,
			);
			path = Analysis;
			sourceTree = "<group>";
		};
		FB60A97711EE2C147C7C5F59 /* Animations */ = {
			isa = PBXGroup;
			children = (
				F737E22CCA18A4784BE99B3F /* .gitkeep */,
			);
			path = Animations;
			sourceTree = "<group>";
		};
		FE15C10253716DD32F01C20E /* Components */ = {
			isa = PBXGroup;
			children = (
				94A6AB40E7FBC8397D0B5FCC /* LogButton.swift */,
				B71968B769E47DAC3842D651 /* CalorisorLottieView.swift */,
			);
			path = Components;
			sourceTree = "<group>";
		};
/* End PBXGroup section */

/* Begin PBXNativeTarget section */
		4CEAA32D14A007032EAE0522 /* Calorisor */ = {
			isa = PBXNativeTarget;
			buildConfigurationList = 7219B26090424D715395726C /* Build configuration list for PBXNativeTarget "Calorisor" */;
			buildPhases = (
				A2E48FF7E615621CD8F12959 /* Sources */,
				F56156FBF86B8DBBB3656AAF /* Resources */,
				61ECD97884AFEE36E827883A /* Frameworks */,
				8A7559BC378FD5B1ED35A246 /* Embed Foundation Extensions */,
			);
			buildRules = (
			);
			dependencies = (
				A1A91F68BEDBDD34FD6C622F /* PBXTargetDependency */,
			);
			name = Calorisor;
			packageProductDependencies = (
				2F447F5E147B0DD18A2B758F /* Pow */,
				15856C02BB80CEBFCFEA547B /* Lottie */,
			);
			productName = Calorisor;
			productReference = 142093050464BF9252D327F3 /* Calorisor.app */;
			productType = "com.apple.product-type.application";
		};
		605330F8AD28E500BD378FF4 /* CalorisorTests */ = {
			isa = PBXNativeTarget;
			buildConfigurationList = 341BD218DE29A9058B1AA01F /* Build configuration list for PBXNativeTarget "CalorisorTests" */;
			buildPhases = (
				9C4B64984869117DEF15D4FA /* Sources */,
			);
			buildRules = (
			);
			dependencies = (
				C4793DDDDE3374DC89BD877D /* PBXTargetDependency */,
			);
			name = CalorisorTests;
			packageProductDependencies = (
			);
			productName = CalorisorTests;
			productReference = F0448D0A8FC1CA151A408D7F /* CalorisorTests.xctest */;
			productType = "com.apple.product-type.bundle.unit-test";
		};
		B362A874E91C4F058C01DB28 /* CalorisorWidgetExtension */ = {
			isa = PBXNativeTarget;
			buildConfigurationList = 085C637CA206DAE096860495 /* Build configuration list for PBXNativeTarget "CalorisorWidgetExtension" */;
			buildPhases = (
				E655AD9504B6D7A9FC669CA3 /* Sources */,
				F64E8940793C3003CCBEB38A /* Resources */,
			);
			buildRules = (
			);
			dependencies = (
			);
			name = CalorisorWidgetExtension;
			packageProductDependencies = (
			);
			productName = CalorisorWidgetExtension;
			productReference = 768B000219616D415E6478BF /* Calorisor Widget.appex */;
			productType = "com.apple.product-type.app-extension";
		};
/* End PBXNativeTarget section */

/* Begin PBXProject section */
		BF3E49C6ACFD5235EBF36E95 /* Project object */ = {
			isa = PBXProject;
			attributes = {
				BuildIndependentTargetsInParallel = YES;
				LastUpgradeCheck = 2660;
				TargetAttributes = {
					4CEAA32D14A007032EAE0522 = {
						ProvisioningStyle = Automatic;
					};
					605330F8AD28E500BD378FF4 = {
						DevelopmentTeam = "";
					};
					B362A874E91C4F058C01DB28 = {
						ProvisioningStyle = Automatic;
					};
				};
			};
			buildConfigurationList = 8437586D20BCD59A001B4817 /* Build configuration list for PBXProject "Calorisor" */;
			developmentRegion = tr;
			hasScannedForEncodings = 0;
			knownRegions = (
				Base,
				en,
				tr,
			);
			mainGroup = 57440A81151301AB9257B87B;
			minimizedProjectReferenceProxies = 1;
			packageReferences = (
				D9FCE8DF66A21E99AC4F2850 /* XCRemoteSwiftPackageReference "lottie-spm" */,
				F189D66B157677AF0E7274C0 /* XCRemoteSwiftPackageReference "Pow" */,
			);
			preferredProjectObjectVersion = 77;
			productRefGroup = 718CAD927C385D892256CB2D /* Products */;
			projectDirPath = "";
			projectRoot = "";
			targets = (
				4CEAA32D14A007032EAE0522 /* Calorisor */,
				605330F8AD28E500BD378FF4 /* CalorisorTests */,
				B362A874E91C4F058C01DB28 /* CalorisorWidgetExtension */,
			);
		};
/* End PBXProject section */

/* Begin PBXResourcesBuildPhase section */
		F56156FBF86B8DBBB3656AAF /* Resources */ = {
			isa = PBXResourcesBuildPhase;
			buildActionMask = 2147483647;
			files = (
				58EA6A2261AFD526DD213D2C /* Assets.xcassets in Resources */,
				C0D3A002C0D3A002C0D3A002 /* Localizable.xcstrings in Resources */,
				8DB29A6B0446E2C7B537A2D1 /* Geist-Medium.otf in Resources */,
				10D9BE4519BDC183EE6F68DB /* Geist-Regular.otf in Resources */,
				3EF8A428E5298AE8C03FE4CA /* Geist-SemiBold.otf in Resources */,
				0157ABF651A922D23B8CC571 /* GeistMono-Medium.otf in Resources */,
				E7810ED3DAB4A010F74ADB3B /* GeistMono-Regular.otf in Resources */,
				10EF0386BBB0E51156143FA2 /* InfoPlist.strings in Resources */,
				3547A3A4E512CA44F0E178A9 /* Products.storekit in Resources */,
				74E71F51C46C76029C23714B /* turkish_food_reference.json in Resources */,
			);
			runOnlyForDeploymentPostprocessing = 0;
		};
		F64E8940793C3003CCBEB38A /* Resources */ = {
			isa = PBXResourcesBuildPhase;
			buildActionMask = 2147483647;
			files = (
				13174B0AC06670CF9856F448 /* Assets.xcassets in Resources */,
				71B0C62E71C0D318F4673BB7 /* InfoPlist.strings in Resources */,
			);
			runOnlyForDeploymentPostprocessing = 0;
		};
/* End PBXResourcesBuildPhase section */

/* Begin PBXSourcesBuildPhase section */
		9C4B64984869117DEF15D4FA /* Sources */ = {
			isa = PBXSourcesBuildPhase;
			buildActionMask = 2147483647;
			files = (
				78F51218DA0EF4D4D672F701 /* AIProxyClientErrorTests.swift in Sources */,
				AF771A705D9DF951FC418363 /* AIProxyClientTests.swift in Sources */,
				12C83ADD5BA0F41D92C7F727 /* AIProxyRequestTests.swift in Sources */,
				3AEA4E7D3A251B80A1D41CAA /* BreadReferenceTests.swift in Sources */,
				A3707C461463E7DB88E43DC3 /* CalorieRingViewTests.swift in Sources */,
				BDF12A127E07BB7FB8B0E5C9 /* DataExporterTests.swift in Sources */,
				7B25EB86033380F13AFCF8FF /* DaySummaryBuilderTests.swift in Sources */,
				A7B7A1FE2461A9B5A530572E /* FoodReferenceReconcilerTests.swift in Sources */,
				A87F615710AC6258EBA2280F /* FreeScanCounterTests.swift in Sources */,
				1A11111111111111110000B2 /* InstallationIdentityTests.swift in Sources */,
				571AF56CA0474C48D1C796C1 /* HistoryDaySummaryBuilderTests.swift in Sources */,
				EBD7A9ABDE0EC0EC207EBA68 /* ImageDownscalerTests.swift in Sources */,
				A5DED6E3B8A783A159E4423E /* NutritionCalculatorTests.swift in Sources */,
				A034580CE4614A3B94D32B5B /* PortionRecalculationTests.swift in Sources */,
				65399651FDE23A9A6E635F15 /* RawAIResponseTests.swift in Sources */,
				204E17A79BDD63ECE8EBE3F3 /* ReconcilerNegativeTests.swift in Sources */,
				9AB5C410D2AC8E83D06C21DB /* ReferenceReconcilerTests.swift in Sources */,
				B63DCF18E9BFA9180EC8FA05 /* RenameReconciliationTests.swift in Sources */,
				B66A652F2DB5E33687CD963C /* TextLogInputPolicyTests.swift in Sources */,
				EE01FACE0000000000000102 /* MealSpeechRecognizerTests.swift in Sources */,
				EE01FACE0000000000000402 /* NotificationPrefsTests.swift in Sources */,
				A664A1CEC57056B0B0B5726D /* UserDataDeletionTests.swift in Sources */,
				A6EF69200A2C240480FFD0D7 /* UserProfileRecomputeTests.swift in Sources */,
				64FCDE8A0383D75485EB0903 /* VisionResponseValidatorTests.swift in Sources */,
				7D16B19CC9F67D20630871E5 /* WidgetDailySummaryTests.swift in Sources */,
			);
			runOnlyForDeploymentPostprocessing = 0;
		};
		A2E48FF7E615621CD8F12959 /* Sources */ = {
			isa = PBXSourcesBuildPhase;
			buildActionMask = 2147483647;
			files = (
				C226F186EE012459F20A7A66 /* AIProxyClient.swift in Sources */,
				5E2E74169EB20BB3FA006060 /* AnalysisOverlay.swift in Sources */,
				C0D3A001C0D3A001C0D3A001 /* AppLanguage.swift in Sources */,
				57955CD4F69C53B723E74FA2 /* CalorieRingView.swift in Sources */,
				625A3C89AC6653EDCB345899 /* CameraView.swift in Sources */,
				844170B51DF055D71FA038F1 /* CategorySlugMap.swift in Sources */,
				3B70C192B418CF2B2E2F4888 /* Color+Tokens.swift in Sources */,
				3D4000010D7C0FA114671A2F /* ContentView.swift in Sources */,
				0B26A1FF638EC60D429667C8 /* DailyQuickCounter.swift in Sources */,
				4F161E3B39AD0D2F8CAE8DB1 /* DailyView.swift in Sources */,
				1AC10C749A301E96B8BFC648 /* DataExporter.swift in Sources */,
				05B879A966638B877A1299BB /* DayDetailView.swift in Sources */,
				1F353A3C82D8E6BE17C7D1CC /* DaySummaryBuilder.swift in Sources */,
				4194A98747DEEE37227513C9 /* Font+Tokens.swift in Sources */,
				292857E472561F3AFA14B3CF /* FoodReference.swift in Sources */,
				99ABCFF7C82E14E231E0A44E /* FreeScanCounter.swift in Sources */,
				1A11111111111111110000B1 /* InstallationIdentity.swift in Sources */,
				486A4EC09ADCC806C1DDE3F0 /* HistoryView.swift in Sources */,
				C6589D98D126F801A9DE3673 /* Layout.swift in Sources */,
				526A711DAC33408D9629EAA5 /* LogButton.swift in Sources */,
				268FCD0C0F4E1AF5583E7C5F /* LoggedItem.swift in Sources */,
				31E4FA6C66FAF9DDED392EC3 /* Motion+Patterns.swift in Sources */,
				F6E9F43ECD8B80DB6FBADB80 /* NavigationModel.swift in Sources */,
				E01AA21BDA85222C9DD22D1B /* NutritionCalculator.swift in Sources */,
				167C3B3F92326E1DBBC4386C /* NutritionConstants.swift in Sources */,
				AC5CB5E73C3CFD78D22FF1A0 /* OnboardingModel.swift in Sources */,
				E1EED8CCB3177B5560586B87 /* OnboardingView.swift in Sources */,
				5AE2AA53DAF21C00BCF61DAA /* PaywallView.swift in Sources */,
				2FABEA2D5A210D794CF519D8 /* PortionUnit.swift in Sources */,
				79CEBC67E80766B3FEB1008E /* QuickCounterView.swift in Sources */,
				2A58A36E41E7E46DAEEE40C1 /* ReferenceReconciler.swift in Sources */,
				60E892F92E0887DAC479A39E /* ResultItemCard.swift in Sources */,
				3AC2C367F7B791A1EE285299 /* ResultView.swift in Sources */,
				C1FFF53E6CBD29D01C106132 /* ScanEntry.swift in Sources */,
				0AF6FEBF2EC509B74055940C /* SevenDaySummaryView.swift in Sources */,
				92E51425D18DF71D48BE63C6 /* CalorisorApp.swift in Sources */,
				EE01FACE0000000000000203 /* LogMealIntent.swift in Sources */,
				EE01FACE0000000000000303 /* MealReminderService.swift in Sources */,
				9DA956A393108E1719E5CBB4 /* CalorisorFormatters.swift in Sources */,
				BDBB9B674BEB8923D1BA5065 /* CalorisorIcon.swift in Sources */,
				D4DB6EC5D9E7C553A4301514 /* CalorisorLottieView.swift in Sources */,
				9518412FD393A19F2FDDA9EC /* CalorisorModelContainer.swift in Sources */,
				600B95BBBA35A630EECF81BD /* StoreKitManager.swift in Sources */,
				F70AEB91CC6049E2911A555F /* String+TurkishNormalize.swift in Sources */,
				BABBBF429BC9E1A04F1E9BE0 /* Surfaces.swift in Sources */,
				88B5B14F618C6D8C047B11ED /* TextLogView.swift in Sources */,
				C188F2E65D68966E4F8C99A3 /* TurkishFoodReference.swift in Sources */,
				B9744D5660C9C7FA9F6EB2A7 /* UserProfile.swift in Sources */,
				B4F4644F634E36A42F9F2CB7 /* VisionResponse.swift in Sources */,
				1E934699D7DE2C736F1B2C92 /* VisionResponseValidator.swift in Sources */,
				FFB14B30C352C77FA054C93B /* WidgetDailySummary.swift in Sources */,
				16CAC471A7E6379E5E613E2F /* WidgetDataStore+MainApp.swift in Sources */,
				A7BEE3885ED86DF7942169FF /* WidgetDataStore.swift in Sources */,
			);
			runOnlyForDeploymentPostprocessing = 0;
		};
		E655AD9504B6D7A9FC669CA3 /* Sources */ = {
			isa = PBXSourcesBuildPhase;
			buildActionMask = 2147483647;
			files = (
				806BDB4750F0928CA4DFAF93 /* Color+Widget.swift in Sources */,
				DCE5F2979EB9B548C6CF2AEE /* Font+Widget.swift in Sources */,
				51DE94496F47F97F1DFC5252 /* Provider.swift in Sources */,
				08C902A05C178611CD8BA616 /* CalorisorWidget.swift in Sources */,
				8223AA7BEAFD7A352FA5B0D5 /* WidgetDailySummary.swift in Sources */,
				5F970A89C896B4B8395094A8 /* WidgetDataStore.swift in Sources */,
				FDA2A9A072724EA01D21210D /* WidgetEntryView.swift in Sources */,
			);
			runOnlyForDeploymentPostprocessing = 0;
		};
/* End PBXSourcesBuildPhase section */

/* Begin PBXTargetDependency section */
		A1A91F68BEDBDD34FD6C622F /* PBXTargetDependency */ = {
			isa = PBXTargetDependency;
			target = B362A874E91C4F058C01DB28 /* CalorisorWidgetExtension */;
			targetProxy = 7625D93C7346B1BFF88B2B7C /* PBXContainerItemProxy */;
		};
		C4793DDDDE3374DC89BD877D /* PBXTargetDependency */ = {
			isa = PBXTargetDependency;
			target = 4CEAA32D14A007032EAE0522 /* Calorisor */;
			targetProxy = 8BA66B0944271653BFDB8CBA /* PBXContainerItemProxy */;
		};
/* End PBXTargetDependency section */

/* Begin PBXVariantGroup section */
		52BBFB06F7C66440A4665CC3 /* InfoPlist.strings */ = {
			isa = PBXVariantGroup;
			children = (
				F926CC1E99F52D8622D10D52 /* en */,
				E4378BB9A08D5C36C848C3BA /* tr */,
			);
			name = InfoPlist.strings;
			sourceTree = "<group>";
		};
		AF33938C2AF7067CEA9AA9B1 /* InfoPlist.strings */ = {
			isa = PBXVariantGroup;
			children = (
				C814866475D7F65D8C76EA67 /* en */,
				8F76138538D2FC56E4B85D73 /* tr */,
			);
			name = InfoPlist.strings;
			sourceTree = "<group>";
		};
/* End PBXVariantGroup section */

/* Begin XCBuildConfiguration section */
		11E6BB4A31D76D40EE1953BB /* Debug */ = {
			isa = XCBuildConfiguration;
			buildSettings = {
				ASSETCATALOG_COMPILER_APPICON_NAME = AppIcon;
				ASSETCATALOG_COMPILER_GLOBAL_ACCENT_COLOR_NAME = AccentColor;
				CODE_SIGN_ENTITLEMENTS = Calorisor/Calorisor.entitlements;
				CODE_SIGN_STYLE = Automatic;
				DEVELOPMENT_TEAM = 8XPP7Z37GF;
				ENABLE_PREVIEWS = YES;
				GENERATE_INFOPLIST_FILE = NO;
				INFOPLIST_FILE = Calorisor/Info.plist;
				IPHONEOS_DEPLOYMENT_TARGET = 17.0;
				LD_RUNPATH_SEARCH_PATHS = (
					"$(inherited)",
					"@executable_path/Frameworks",
				);
				PRODUCT_BUNDLE_IDENTIFIER = com.fatih.calorisor;
				PRODUCT_NAME = Calorisor;
				SDKROOT = iphoneos;
				TARGETED_DEVICE_FAMILY = 1;
			};
			name = Debug;
		};
		34C1ED2701ABCCA5A73A191F /* Release */ = {
			isa = XCBuildConfiguration;
			buildSettings = {
				ASSETCATALOG_COMPILER_APPICON_NAME = AppIcon;
				CODE_SIGN_ENTITLEMENTS = CalorisorWidget/CalorisorWidget.entitlements;
				CODE_SIGN_STYLE = Automatic;
				DEVELOPMENT_TEAM = 8XPP7Z37GF;
				GENERATE_INFOPLIST_FILE = NO;
				INFOPLIST_FILE = CalorisorWidget/Info.plist;
				IPHONEOS_DEPLOYMENT_TARGET = 17.0;
				LD_RUNPATH_SEARCH_PATHS = (
					"$(inherited)",
					"@executable_path/Frameworks",
					"@executable_path/../../Frameworks",
				);
				PRODUCT_BUNDLE_IDENTIFIER = com.fatih.calorisor.widget;
				PRODUCT_NAME = "Calorisor Widget";
				SDKROOT = iphoneos;
				TARGETED_DEVICE_FAMILY = 1;
			};
			name = Release;
		};
		64F0F7A4E3D46D522FAB13C4 /* Debug */ = {
			isa = XCBuildConfiguration;
			buildSettings = {
				ASSETCATALOG_COMPILER_APPICON_NAME = AppIcon;
				CODE_SIGN_ENTITLEMENTS = CalorisorWidget/CalorisorWidget.entitlements;
				CODE_SIGN_STYLE = Automatic;
				DEVELOPMENT_TEAM = 8XPP7Z37GF;
				GENERATE_INFOPLIST_FILE = NO;
				INFOPLIST_FILE = CalorisorWidget/Info.plist;
				IPHONEOS_DEPLOYMENT_TARGET = 17.0;
				LD_RUNPATH_SEARCH_PATHS = (
					"$(inherited)",
					"@executable_path/Frameworks",
					"@executable_path/../../Frameworks",
				);
				PRODUCT_BUNDLE_IDENTIFIER = com.fatih.calorisor.widget;
				PRODUCT_NAME = "Calorisor Widget";
				SDKROOT = iphoneos;
				TARGETED_DEVICE_FAMILY = 1;
			};
			name = Debug;
		};
		680446EF6B05DA63DC53ADF5 /* Release */ = {
			isa = XCBuildConfiguration;
			buildSettings = {
				BUNDLE_LOADER = "$(TEST_HOST)";
				GENERATE_INFOPLIST_FILE = YES;
				IPHONEOS_DEPLOYMENT_TARGET = 17.0;
				LD_RUNPATH_SEARCH_PATHS = (
					"$(inherited)",
					"@executable_path/Frameworks",
					"@loader_path/Frameworks",
				);
				PRODUCT_BUNDLE_IDENTIFIER = com.fatih.calorisor.tests;
				SDKROOT = iphoneos;
				TARGETED_DEVICE_FAMILY = 1;
				TEST_HOST = "$(BUILT_PRODUCTS_DIR)/Calorisor.app/Calorisor";
			};
			name = Release;
		};
		68750A6E997209D1D48AEB52 /* Debug */ = {
			isa = XCBuildConfiguration;
			buildSettings = {
				BUNDLE_LOADER = "$(TEST_HOST)";
				GENERATE_INFOPLIST_FILE = YES;
				IPHONEOS_DEPLOYMENT_TARGET = 17.0;
				LD_RUNPATH_SEARCH_PATHS = (
					"$(inherited)",
					"@executable_path/Frameworks",
					"@loader_path/Frameworks",
				);
				PRODUCT_BUNDLE_IDENTIFIER = com.fatih.calorisor.tests;
				SDKROOT = iphoneos;
				TARGETED_DEVICE_FAMILY = 1;
				TEST_HOST = "$(BUILT_PRODUCTS_DIR)/Calorisor.app/Calorisor";
			};
			name = Debug;
		};
		A96DF400C0A6507B618CD9A2 /* Debug */ = {
			isa = XCBuildConfiguration;
			buildSettings = {
				ALWAYS_SEARCH_USER_PATHS = NO;
				CLANG_ANALYZER_LOCALIZABILITY_NONLOCALIZED = YES;
				CLANG_ANALYZER_NONNULL = YES;
				CLANG_ANALYZER_NUMBER_OBJECT_CONVERSION = YES_AGGRESSIVE;
				CLANG_CXX_LANGUAGE_STANDARD = "gnu++14";
				CLANG_CXX_LIBRARY = "libc++";
				CLANG_ENABLE_MODULES = YES;
				CLANG_ENABLE_OBJC_ARC = YES;
				CLANG_ENABLE_OBJC_WEAK = YES;
				CLANG_WARN_BLOCK_CAPTURE_AUTORELEASING = YES;
				CLANG_WARN_BOOL_CONVERSION = YES;
				CLANG_WARN_COMMA = YES;
				CLANG_WARN_CONSTANT_CONVERSION = YES;
				CLANG_WARN_DEPRECATED_OBJC_IMPLEMENTATIONS = YES;
				CLANG_WARN_DIRECT_OBJC_ISA_USAGE = YES_ERROR;
				CLANG_WARN_DOCUMENTATION_COMMENTS = YES;
				CLANG_WARN_EMPTY_BODY = YES;
				CLANG_WARN_ENUM_CONVERSION = YES;
				CLANG_WARN_INFINITE_RECURSION = YES;
				CLANG_WARN_INT_CONVERSION = YES;
				CLANG_WARN_NON_LITERAL_NULL_CONVERSION = YES;
				CLANG_WARN_OBJC_IMPLICIT_RETAIN_SELF = YES;
				CLANG_WARN_OBJC_LITERAL_CONVERSION = YES;
				CLANG_WARN_OBJC_ROOT_CLASS = YES_ERROR;
				CLANG_WARN_QUOTED_INCLUDE_IN_FRAMEWORK_HEADER = YES;
				CLANG_WARN_RANGE_LOOP_ANALYSIS = YES;
				CLANG_WARN_STRICT_PROTOTYPES = YES;
				CLANG_WARN_SUSPICIOUS_MOVE = YES;
				CLANG_WARN_UNGUARDED_AVAILABILITY = YES_AGGRESSIVE;
				CLANG_WARN_UNREACHABLE_CODE = YES;
				CLANG_WARN__DUPLICATE_METHOD_MATCH = YES;
				COPY_PHASE_STRIP = NO;
				CURRENT_PROJECT_VERSION = 1;
				DEBUG_INFORMATION_FORMAT = dwarf;
				DEVELOPMENT_TEAM = "";
				ENABLE_STRICT_OBJC_MSGSEND = YES;
				ENABLE_TESTABILITY = YES;
				ENABLE_USER_SCRIPT_SANDBOXING = YES;
				GCC_C_LANGUAGE_STANDARD = gnu11;
				GCC_DYNAMIC_NO_PIC = NO;
				GCC_NO_COMMON_BLOCKS = YES;
				GCC_OPTIMIZATION_LEVEL = 0;
				GCC_PREPROCESSOR_DEFINITIONS = (
					"$(inherited)",
					"DEBUG=1",
				);
				GCC_WARN_64_TO_32_BIT_CONVERSION = YES;
				GCC_WARN_ABOUT_RETURN_TYPE = YES_ERROR;
				GCC_WARN_UNDECLARED_SELECTOR = YES;
				GCC_WARN_UNINITIALIZED_AUTOS = YES_AGGRESSIVE;
				GCC_WARN_UNUSED_FUNCTION = YES;
				GCC_WARN_UNUSED_VARIABLE = YES;
				IPHONEOS_DEPLOYMENT_TARGET = 17.0;
				MARKETING_VERSION = 1.0.0;
				MTL_ENABLE_DEBUG_INFO = INCLUDE_SOURCE;
				MTL_FAST_MATH = YES;
				ONLY_ACTIVE_ARCH = YES;
				PRODUCT_NAME = "$(TARGET_NAME)";
				SDKROOT = iphoneos;
				STRING_CATALOG_GENERATE_SYMBOLS = YES;
				SWIFT_ACTIVE_COMPILATION_CONDITIONS = DEBUG;
				SWIFT_EMIT_LOC_STRINGS = YES;
				SWIFT_OPTIMIZATION_LEVEL = "-Onone";
				SWIFT_VERSION = 5.0;
			};
			name = Debug;
		};
		AC6B94118C13E59A3371FE5B /* Release */ = {
			isa = XCBuildConfiguration;
			buildSettings = {
				ALWAYS_SEARCH_USER_PATHS = NO;
				CLANG_ANALYZER_LOCALIZABILITY_NONLOCALIZED = YES;
				CLANG_ANALYZER_NONNULL = YES;
				CLANG_ANALYZER_NUMBER_OBJECT_CONVERSION = YES_AGGRESSIVE;
				CLANG_CXX_LANGUAGE_STANDARD = "gnu++14";
				CLANG_CXX_LIBRARY = "libc++";
				CLANG_ENABLE_MODULES = YES;
				CLANG_ENABLE_OBJC_ARC = YES;
				CLANG_ENABLE_OBJC_WEAK = YES;
				CLANG_WARN_BLOCK_CAPTURE_AUTORELEASING = YES;
				CLANG_WARN_BOOL_CONVERSION = YES;
				CLANG_WARN_COMMA = YES;
				CLANG_WARN_CONSTANT_CONVERSION = YES;
				CLANG_WARN_DEPRECATED_OBJC_IMPLEMENTATIONS = YES;
				CLANG_WARN_DIRECT_OBJC_ISA_USAGE = YES_ERROR;
				CLANG_WARN_DOCUMENTATION_COMMENTS = YES;
				CLANG_WARN_EMPTY_BODY = YES;
				CLANG_WARN_ENUM_CONVERSION = YES;
				CLANG_WARN_INFINITE_RECURSION = YES;
				CLANG_WARN_INT_CONVERSION = YES;
				CLANG_WARN_NON_LITERAL_NULL_CONVERSION = YES;
				CLANG_WARN_OBJC_IMPLICIT_RETAIN_SELF = YES;
				CLANG_WARN_OBJC_LITERAL_CONVERSION = YES;
				CLANG_WARN_OBJC_ROOT_CLASS = YES_ERROR;
				CLANG_WARN_QUOTED_INCLUDE_IN_FRAMEWORK_HEADER = YES;
				CLANG_WARN_RANGE_LOOP_ANALYSIS = YES;
				CLANG_WARN_STRICT_PROTOTYPES = YES;
				CLANG_WARN_SUSPICIOUS_MOVE = YES;
				CLANG_WARN_UNGUARDED_AVAILABILITY = YES_AGGRESSIVE;
				CLANG_WARN_UNREACHABLE_CODE = YES;
				CLANG_WARN__DUPLICATE_METHOD_MATCH = YES;
				COPY_PHASE_STRIP = NO;
				CURRENT_PROJECT_VERSION = 1;
				DEBUG_INFORMATION_FORMAT = "dwarf-with-dsym";
				DEVELOPMENT_TEAM = "";
				ENABLE_NS_ASSERTIONS = NO;
				ENABLE_STRICT_OBJC_MSGSEND = YES;
				ENABLE_USER_SCRIPT_SANDBOXING = YES;
				GCC_C_LANGUAGE_STANDARD = gnu11;
				GCC_NO_COMMON_BLOCKS = YES;
				GCC_WARN_64_TO_32_BIT_CONVERSION = YES;
				GCC_WARN_ABOUT_RETURN_TYPE = YES_ERROR;
				GCC_WARN_UNDECLARED_SELECTOR = YES;
				GCC_WARN_UNINITIALIZED_AUTOS = YES_AGGRESSIVE;
				GCC_WARN_UNUSED_FUNCTION = YES;
				GCC_WARN_UNUSED_VARIABLE = YES;
				IPHONEOS_DEPLOYMENT_TARGET = 17.0;
				MARKETING_VERSION = 1.0.0;
				MTL_ENABLE_DEBUG_INFO = NO;
				MTL_FAST_MATH = YES;
				PRODUCT_NAME = "$(TARGET_NAME)";
				SDKROOT = iphoneos;
				STRING_CATALOG_GENERATE_SYMBOLS = YES;
				SWIFT_COMPILATION_MODE = wholemodule;
				SWIFT_EMIT_LOC_STRINGS = YES;
				SWIFT_OPTIMIZATION_LEVEL = "-O";
				SWIFT_VERSION = 5.0;
			};
			name = Release;
		};
		E80F3DB9314FE8A2D326D4DC /* Release */ = {
			isa = XCBuildConfiguration;
			buildSettings = {
				ASSETCATALOG_COMPILER_APPICON_NAME = AppIcon;
				ASSETCATALOG_COMPILER_GLOBAL_ACCENT_COLOR_NAME = AccentColor;
				CODE_SIGN_ENTITLEMENTS = Calorisor/Calorisor.entitlements;
				CODE_SIGN_STYLE = Automatic;
				DEVELOPMENT_TEAM = 8XPP7Z37GF;
				ENABLE_PREVIEWS = YES;
				GENERATE_INFOPLIST_FILE = NO;
				INFOPLIST_FILE = Calorisor/Info.plist;
				IPHONEOS_DEPLOYMENT_TARGET = 17.0;
				LD_RUNPATH_SEARCH_PATHS = (
					"$(inherited)",
					"@executable_path/Frameworks",
				);
				PRODUCT_BUNDLE_IDENTIFIER = com.fatih.calorisor;
				PRODUCT_NAME = Calorisor;
				SDKROOT = iphoneos;
				TARGETED_DEVICE_FAMILY = 1;
			};
			name = Release;
		};
/* End XCBuildConfiguration section */

/* Begin XCConfigurationList section */
		085C637CA206DAE096860495 /* Build configuration list for PBXNativeTarget "CalorisorWidgetExtension" */ = {
			isa = XCConfigurationList;
			buildConfigurations = (
				64F0F7A4E3D46D522FAB13C4 /* Debug */,
				34C1ED2701ABCCA5A73A191F /* Release */,
			);
			defaultConfigurationIsVisible = 0;
			defaultConfigurationName = Debug;
		};
		341BD218DE29A9058B1AA01F /* Build configuration list for PBXNativeTarget "CalorisorTests" */ = {
			isa = XCConfigurationList;
			buildConfigurations = (
				68750A6E997209D1D48AEB52 /* Debug */,
				680446EF6B05DA63DC53ADF5 /* Release */,
			);
			defaultConfigurationIsVisible = 0;
			defaultConfigurationName = Debug;
		};
		7219B26090424D715395726C /* Build configuration list for PBXNativeTarget "Calorisor" */ = {
			isa = XCConfigurationList;
			buildConfigurations = (
				11E6BB4A31D76D40EE1953BB /* Debug */,
				E80F3DB9314FE8A2D326D4DC /* Release */,
			);
			defaultConfigurationIsVisible = 0;
			defaultConfigurationName = Debug;
		};
		8437586D20BCD59A001B4817 /* Build configuration list for PBXProject "Calorisor" */ = {
			isa = XCConfigurationList;
			buildConfigurations = (
				A96DF400C0A6507B618CD9A2 /* Debug */,
				AC6B94118C13E59A3371FE5B /* Release */,
			);
			defaultConfigurationIsVisible = 0;
			defaultConfigurationName = Debug;
		};
/* End XCConfigurationList section */

/* Begin XCRemoteSwiftPackageReference section */
		D9FCE8DF66A21E99AC4F2850 /* XCRemoteSwiftPackageReference "lottie-spm" */ = {
			isa = XCRemoteSwiftPackageReference;
			repositoryURL = "https://github.com/airbnb/lottie-spm.git";
			requirement = {
				branch = main;
				kind = branch;
			};
		};
		F189D66B157677AF0E7274C0 /* XCRemoteSwiftPackageReference "Pow" */ = {
			isa = XCRemoteSwiftPackageReference;
			repositoryURL = "https://github.com/EmergeTools/Pow";
			requirement = {
				kind = upToNextMajorVersion;
				minimumVersion = 1.0.5;
			};
		};
/* End XCRemoteSwiftPackageReference section */

/* Begin XCSwiftPackageProductDependency section */
		15856C02BB80CEBFCFEA547B /* Lottie */ = {
			isa = XCSwiftPackageProductDependency;
			package = D9FCE8DF66A21E99AC4F2850 /* XCRemoteSwiftPackageReference "lottie-spm" */;
			productName = Lottie;
		};
		2F447F5E147B0DD18A2B758F /* Pow */ = {
			isa = XCSwiftPackageProductDependency;
			package = F189D66B157677AF0E7274C0 /* XCRemoteSwiftPackageReference "Pow" */;
			productName = Pow;
		};
/* End XCSwiftPackageProductDependency section */
	};
	rootObject = BF3E49C6ACFD5235EBF36E95 /* Project object */;
}
